// !$*UTF8*$!
{
	archiveVersion = 1;
	classes = {
	};
	objectVersion = 50;
	objects = {

/* Begin PBXBuildFile section */
		8055B0D823E859EA00E0A91E /* AppDelegate.swift in Sources */ = {isa = PBXBuildFile; fileRef = 8055B0D723E859EA00E0A91E /* AppDelegate.swift */; };
		8055B0DA23E859EA00E0A91E /* SceneDelegate.swift in Sources */ = {isa = PBXBuildFile; fileRef = 8055B0D923E859EA00E0A91E /* SceneDelegate.swift */; };
		8055B0DC23E859EA00E0A91E /* ViewController.swift in Sources */ = {isa = PBXBuildFile; fileRef = 8055B0DB23E859EA00E0A91E /* ViewController.swift */; };
		8055B0DF23E859EA00E0A91E /* Main.storyboard in Resources */ = {isa = PBXBuildFile; fileRef = 8055B0DD23E859EA00E0A91E /* Main.storyboard */; };
		8055B0E123E859EB00E0A91E /* Assets.xcassets in Resources */ = {isa = PBXBuildFile; fileRef = 8055B0E023E859EB00E0A91E /* Assets.xcassets */; };
		8055B0E423E859EB00E0A91E /* LaunchScreen.storyboard in Resources */ = {isa = PBXBuildFile; fileRef = 8055B0E223E859EB00E0A91E /* LaunchScreen.storyboard */; };
		8055B0EF23E859EB00E0A91E /* Lab06Tests.swift in Sources */ = {isa = PBXBuildFile; fileRef = 8055B0EE23E859EB00E0A91E /* Lab06Tests.swift */; };
		8055B0FB23E85F0700E0A91E /* CountWord.swift in Sources */ = {isa = PBXBuildFile; fileRef = 8055B0F923E85F0200E0A91E /* CountWord.swift */; };
/* End PBXBuildFile section */

/* Begin PBXContainerItemProxy section */
		8055B0EB23E859EB00E0A91E /* PBXContainerItemProxy */ = {
			isa = PBXContainerItemProxy;
			containerPortal = 8055B0CC23E859EA00E0A91E /* Project object */;
			proxyType = 1;
			remoteGlobalIDString = 8055B0D323E859EA00E0A91E;
			remoteInfo = Lab06;
		};
/* End PBXContainerItemProxy section */

/* Begin PBXFileReference section */
		8055B0D423E859EA00E0A91E /* Lab06.app */ = {isa = PBXFileReference; explicitFileType = wrapper.application; includeInIndex = 0; path = Lab06.app; sourceTree = BUILT_PRODUCTS_DIR; };
		8055B0D723E859EA00E0A91E /* AppDelegate.swift */ = {isa = PBXFileReference; lastKnownFileType = sourcecode.swift; path = AppDelegate.swift; sourceTree = "<group>"; };
		8055B0D923E859EA00E0A91E /* SceneDelegate.swift */ = {isa = PBXFileReference; lastKnownFileType = sourcecode.swift; path = SceneDelegate.swift; sourceTree = "<group>"; };
		8055B0DB23E859EA00E0A91E /* ViewController.swift */ = {isa = PBXFileReference; lastKnownFileType = sourcecode.swift; path = ViewController.swift; sourceTree = "<group>"; };
		8055B0DE23E859EA00E0A91E /* Base */ = {isa = PBXFileReference; lastKnownFileType = file.storyboard; name = Base; path = Base.lproj/Main.storyboard; sourceTree = "<group>"; };
		8055B0E023E859EB00E0A91E /* Assets.xcassets */ = {isa = PBXFileReference; lastKnownFileType = folder.assetcatalog; path = Assets.xcassets; sourceTree = "<group>"; };
		8055B0E323E859EB00E0A91E /* Base */ = {isa = PBXFileReference; lastKnownFileType = file.storyboard; name = Base; path = Base.lproj/LaunchScreen.storyboard; sourceTree = "<group>"; };
		8055B0E523E859EB00E0A91E /* Info.plist */ = {isa = PBXFileReference; lastKnownFileType = text.plist.xml; path = Info.plist; sourceTree = "<group>"; };
		8055B0EA23E859EB00E0A91E /* Lab06Tests.xctest */ = {isa = PBXFileReference; explicitFileType = wrapper.cfbundle; includeInIndex = 0; path = Lab06Tests.xctest; sourceTree = BUILT_PRODUCTS_DIR; };
		8055B0EE23E859EB00E0A91E /* Lab06Tests.swift */ = {isa = PBXFileReference; lastKnownFileType = sourcecode.swift; path = Lab06Tests.swift; sourceTree = "<group>"; };
		8055B0F023E859EB00E0A91E /* Info.plist */ = {isa = PBXFileReference; lastKnownFileType = text.plist.xml; path = Info.plist; sourceTree = "<group>"; };
		8055B0F923E85F0200E0A91E /* CountWord.swift */ = {isa = PBXFileReference; lastKnownFileType = sourcecode.swift; path = CountWord.swift; sourceTree = "<group>"; };
/* End PBXFileReference section */

/* Begin PBXFrameworksBuildPhase section */
		8055B0D123E859EA00E0A91E /* Frameworks */ = {
			isa = PBXFrameworksBuildPhase;
			buildActionMask = 2147483647;
			files = (
			);
			runOnlyForDeploymentPostprocessing = 0;
		};
		8055B0E723E859EB00E0A91E /* Frameworks */ = {
			isa = PBXFrameworksBuildPhase;
			buildActionMask = 2147483647;
			files = (
			);
			runOnlyForDeploymentPostprocessing = 0;
		};
/* End PBXFrameworksBuildPhase section */

/* Begin PBXGroup section */
		8055B0CB23E859EA00E0A91E = {
			isa = PBXGroup;
			children = (
				8055B0D623E859EA00E0A91E /* Lab06 */,
				8055B0ED23E859EB00E0A91E /* Lab06Tests */,
				8055B0D523E859EA00E0A91E /* Products */,
			);
			sourceTree = "<group>";
		};
		8055B0D523E859EA00E0A91E /* Products */ = {
			isa = PBXGroup;
			children = (
				8055B0D423E859EA00E0A91E /* Lab06.app */,
				8055B0EA23E859EB00E0A91E /* Lab06Tests.xctest */,
			);
			name = Products;
			sourceTree = "<group>";
		};
		8055B0D623E859EA00E0A91E /* Lab06 */ = {
			isa = PBXGroup;
			children = (
				8055B0D723E859EA00E0A91E /* AppDelegate.swift */,
				8055B0D923E859EA00E0A91E /* SceneDelegate.swift */,
				8055B0DB23E859EA00E0A91E /* ViewController.swift */,
				8055B0DD23E859EA00E0A91E /* Main.storyboard */,
				8055B0E023E859EB00E0A91E /* Assets.xcassets */,
				8055B0E223E859EB00E0A91E /* LaunchScreen.storyboard */,
				8055B0E523E859EB00E0A91E /* Info.plist */,
			);
			path = Lab06;
			sourceTree = "<group>";
		};
		8055B0ED23E859EB00E0A91E /* Lab06Tests */ = {
			isa = PBXGroup;
			children = (
				8055B0EE23E859EB00E0A91E /* Lab06Tests.swift */,
				8055B0F923E85F0200E0A91E /* CountWord.swift */,
				8055B0F023E859EB00E0A91E /* Info.plist */,
			);
			path = Lab06Tests;
			sourceTree = "<group>";
		};
/* End PBXGroup section */

/* Begin PBXNativeTarget section */
		8055B0D323E859EA00E0A91E /* Lab06 */ = {
			isa = PBXNativeTarget;
			buildConfigurationList = 8055B0F323E859EB00E0A91E /* Build configuration list for PBXNativeTarget "Lab06" */;
			buildPhases = (
				8055B0D023E859EA00E0A91E /* Sources */,
				8055B0D123E859EA00E0A91E /* Frameworks */,
				8055B0D223E859EA00E0A91E /* Resources */,
			);
			buildRules = (
			);
			dependencies = (
			);
			name = Lab06;
			productName = Lab06;
			productReference = 8055B0D423E859EA00E0A91E /* Lab06.app */;
			productType = "com.apple.product-type.application";
		};
		8055B0E923E859EB00E0A91E /* Lab06Tests */ = {
			isa = PBXNativeTarget;
			buildConfigurationList = 8055B0F623E859EB00E0A91E /* Build configuration list for PBXNativeTarget "Lab06Tests" */;
			buildPhases = (
				8055B0E623E859EB00E0A91E /* Sources */,
				8055B0E723E859EB00E0A91E /* Frameworks */,
				8055B0E823E859EB00E0A91E /* Resources */,
			);
			buildRules = (
			);
			dependencies = (
				8055B0EC23E859EB00E0A91E /* PBXTargetDependency */,
			);
			name = Lab06Tests;
			productName = Lab06Tests;
			productReference = 8055B0EA23E859EB00E0A91E /* Lab06Tests.xctest */;
			productType = "com.apple.product-type.bundle.unit-test";
		};
/* End PBXNativeTarget section */

/* Begin PBXProject section */
		8055B0CC23E859EA00E0A91E /* Project object */ = {
			isa = PBXProject;
			attributes = {
				LastSwiftUpdateCheck = 1130;
				LastUpgradeCheck = 1130;
				ORGANIZATIONNAME = "Digital Media Dept";
				TargetAttributes = {
					8055B0D323E859EA00E0A91E = {
						CreatedOnToolsVersion = 11.3.1;
					};
					8055B0E923E859EB00E0A91E = {
						CreatedOnToolsVersion = 11.3.1;
						TestTargetID = 8055B0D323E859EA00E0A91E;
					};
				};
			};
			buildConfigurationList = 8055B0CF23E859EA00E0A91E /* Build configuration list for PBXProject "Lab06" */;
			compatibilityVersion = "Xcode 9.3";
			developmentRegion = en;
			hasScannedForEncodings = 0;
			knownRegions = (
				en,
				Base,
			);
			mainGroup = 8055B0CB23E859EA00E0A91E;
			productRefGroup = 8055B0D523E859EA00E0A91E /* Products */;
			projectDirPath = "";
			projectRoot = "";
			targets = (
				8055B0D323E859EA00E0A91E /* Lab06 */,
				8055B0E923E859EB00E0A91E /* Lab06Tests */,
			);
		};
/* End PBXProject section */

/* Begin PBXResourcesBuildPhase section */
		8055B0D223E859EA00E0A91E /* Resources */ = {
			isa = PBXResourcesBuildPhase;
			buildActionMask = 2147483647;
			files = (
				8055B0E423E859EB00E0A91E /* LaunchScreen.storyboard in Resources */,
				8055B0E123E859EB00E0A91E /* Assets.xcassets in Resources */,
				8055B0DF23E859EA00E0A91E /* Main.storyboard in Resources */,
			);
			runOnlyForDeploymentPostprocessing = 0;
		};
		8055B0E823E859EB00E0A91E /* Resources */ = {
			isa = PBXResourcesBuildPhase;
			buildActionMask = 2147483647;
			files = (
			);
			runOnlyForDeploymentPostprocessing = 0;
		};
/* End PBXResourcesBuildPhase section */

/* Begin PBXSourcesBuildPhase section */
		8055B0D023E859EA00E0A91E /* Sources */ = {
			isa = PBXSourcesBuildPhase;
			buildActionMask = 2147483647;
			files = (
				8055B0DC23E859EA00E0A91E /* ViewController.swift in Sources */,
				8055B0D823E859EA00E0A91E /* AppDelegate.swift in Sources */,
				8055B0DA23E859EA00E0A91E /* SceneDelegate.swift in Sources */,
			);
			runOnlyForDeploymentPostprocessing = 0;
		};
		8055B0E623E859EB00E0A91E /* Sources */ = {
			isa = PBXSourcesBuildPhase;
			buildActionMask = 2147483647;
			files = (
				8055B0EF23E859EB00E0A91E /* Lab06Tests.swift in Sources */,
				8055B0FB23E85F0700E0A91E /* CountWord.swift in Sources */,
			);
			runOnlyForDeploymentPostprocessing = 0;
		};
/* End PBXSourcesBuildPhase section */

/* Begin PBXTargetDependency section */
		8055B0EC23E859EB00E0A91E /* PBXTargetDependency */ = {
			isa = PBXTargetDependency;
			target = 8055B0D323E859EA00E0A91E /* Lab06 */;
			targetProxy = 8055B0EB23E859EB00E0A91E /* PBXContainerItemProxy */;
		};
/* End PBXTargetDependency section */

/* Begin PBXVariantGroup section */
		8055B0DD23E859EA00E0A91E /* Main.storyboard */ = {
			isa = PBXVariantGroup;
			children = (
				8055B0DE23E859EA00E0A91E /* Base */,
			);
			name = Main.storyboard;
			sourceTree = "<group>";
		};
		8055B0E223E859EB00E0A91E /* LaunchScreen.storyboard */ = {
			isa = PBXVariantGroup;
			children = (
				8055B0E323E859EB00E0A91E /* Base */,
			);
			name = LaunchScreen.storyboard;
			sourceTree = "<group>";
		};
/* End PBXVariantGroup section */

/* Begin XCBuildConfiguration section */
		8055B0F123E859EB00E0A91E /* Debug */ = {
			isa = XCBuildConfiguration;
			buildSettings = {
				ALWAYS_SEARCH_USER_PATHS = NO;
				CLANG_ANALYZER_NONNULL = YES;
				CLANG_ANALYZER_NUMBER_OBJECT_CONVERSION = YES_AGGRESSIVE;
				CLANG_CXX_LANGUAGE_STANDARD = "gnu++14";
				CLANG_CXX_LIBRARY = "libc++";
				CLANG_ENABLE_MODULES = YES;
				CLANG_ENABLE_OBJC_ARC = YES;
				CLANG_ENABLE_OBJC_WEAK = YES;
				CLANG_WARN_BLOCK_CAPTURE_AUTORELEASING = YES;
				CLANG_WARN_BOOL_CONVERSION = YES;
				CLANG_WARN_COMMA = YES;
				CLANG_WARN_CONSTANT_CONVERSION = YES;
				CLANG_WARN_DEPRECATED_OBJC_IMPLEMENTATIONS = YES;
				CLANG_WARN_DIRECT_OBJC_ISA_USAGE = YES_ERROR;
				CLANG_WARN_DOCUMENTATION_COMMENTS = YES;
				CLANG_WARN_EMPTY_BODY = YES;
				CLANG_WARN_ENUM_CONVERSION = YES;
				CLANG_WARN_INFINITE_RECURSION = YES;
				CLANG_WARN_INT_CONVERSION = YES;
				CLANG_WARN_NON_LITERAL_NULL_CONVERSION = YES;
				CLANG_WARN_OBJC_IMPLICIT_RETAIN_SELF = YES;
				CLANG_WARN_OBJC_LITERAL_CONVERSION = YES;
				CLANG_WARN_OBJC_ROOT_CLASS = YES_ERROR;
				CLANG_WARN_RANGE_LOOP_ANALYSIS = YES;
				CLANG_WARN_STRICT_PROTOTYPES = YES;
				CLANG_WARN_SUSPICIOUS_MOVE = YES;
				CLANG_WARN_UNGUARDED_AVAILABILITY = YES_AGGRESSIVE;
				CLANG_WARN_UNREACHABLE_CODE = YES;
				CLANG_WARN__DUPLICATE_METHOD_MATCH = YES;
				COPY_PHASE_STRIP = NO;
				DEBUG_INFORMATION_FORMAT = dwarf;
				ENABLE_STRICT_OBJC_MSGSEND = YES;
				ENABLE_TESTABILITY = YES;
				GCC_C_LANGUAGE_STANDARD = gnu11;
				GCC_DYNAMIC_NO_PIC = NO;
				GCC_NO_COMMON_BLOCKS = YES;
				GCC_OPTIMIZATION_LEVEL = 0;
				GCC_PREPROCESSOR_DEFINITIONS = (
					"DEBUG=1",
					"$(inherited)",
				);
				GCC_WARN_64_TO_32_BIT_CONVERSION = YES;
				GCC_WARN_ABOUT_RETURN_TYPE = YES_ERROR;
				GCC_WARN_UNDECLARED_SELECTOR = YES;
				GCC_WARN_UNINITIALIZED_AUTOS = YES_AGGRESSIVE;
				GCC_WARN_UNUSED_FUNCTION = YES;
				GCC_WARN_UNUSED_VARIABLE = YES;
				IPHONEOS_DEPLOYMENT_TARGET = 13.2;
				MTL_ENABLE_DEBUG_INFO = INCLUDE_SOURCE;
				MTL_FAST_MATH = YES;
				ONLY_ACTIVE_ARCH = YES;
				SDKROOT = iphoneos;
				SWIFT_ACTIVE_COMPILATION_CONDITIONS = DEBUG;
				SWIFT_OPTIMIZATION_LEVEL = "-Onone";
			};
			name = Debug;
		};
		8055B0F223E859EB00E0A91E /* Release */ = {
			isa = XCBuildConfiguration;
			buildSettings = {
				ALWAYS_SEARCH_USER_PATHS = NO;
				CLANG_ANALYZER_NONNULL = YES;
				CLANG_ANALYZER_NUMBER_OBJECT_CONVERSION = YES_AGGRESSIVE;
				CLANG_CXX_LANGUAGE_STANDARD = "gnu++14";
				CLANG_CXX_LIBRARY = "libc++";
				CLANG_ENABLE_MODULES = YES;
				CLANG_ENABLE_OBJC_ARC = YES;
				CLANG_ENABLE_OBJC_WEAK = YES;
				CLANG_WARN_BLOCK_CAPTURE_AUTORELEASING = YES;
				CLANG_WARN_BOOL_CONVERSION = YES;
				CLANG_WARN_COMMA = YES;
				CLANG_WARN_CONSTANT_CONVERSION = YES;
				CLANG_WARN_DEPRECATED_OBJC_IMPLEMENTATIONS = YES;
				CLANG_WARN_DIRECT_OBJC_ISA_USAGE = YES_ERROR;
				CLANG_WARN_DOCUMENTATION_COMMENTS = YES;
				CLANG_WARN_EMPTY_BODY = YES;
				CLANG_WARN_ENUM_CONVERSION = YES;
				CLANG_WARN_INFINITE_RECURSION = YES;
				CLANG_WARN_INT_CONVERSION = YES;
				CLANG_WARN_NON_LITERAL_NULL_CONVERSION = YES;
				CLANG_WARN_OBJC_IMPLICIT_RETAIN_SELF = YES;
				CLANG_WARN_OBJC_LITERAL_CONVERSION = YES;
				CLANG_WARN_OBJC_ROOT_CLASS = YES_ERROR;
				CLANG_WARN_RANGE_LOOP_ANALYSIS = YES;
				CLANG_WARN_STRICT_PROTOTYPES = YES;
				CLANG_WARN_SUSPICIOUS_MOVE = YES;
				CLANG_WARN_UNGUARDED_AVAILABILITY = YES_AGGRESSIVE;
				CLANG_WARN_UNREACHABLE_CODE = YES;
				CLANG_WARN__DUPLICATE_METHOD_MATCH = YES;
				COPY_PHASE_STRIP = NO;
				DEBUG_INFORMATION_FORMAT = "dwarf-with-dsym";
				ENABLE_NS_ASSERTIONS = NO;
				ENABLE_STRICT_OBJC_MSGSEND = YES;
				GCC_C_LANGUAGE_STANDARD = gnu11;
				GCC_NO_COMMON_BLOCKS = YES;
				GCC_WARN_64_TO_32_BIT_CONVERSION = YES;
				GCC_WARN_ABOUT_RETURN_TYPE = YES_ERROR;
				GCC_WARN_UNDECLARED_SELECTOR = YES;
				GCC_WARN_UNINITIALIZED_AUTOS = YES_AGGRESSIVE;
				GCC_WARN_UNUSED_FUNCTION = YES;
				GCC_WARN_UNUSED_VARIABLE = YES;
				IPHONEOS_DEPLOYMENT_TARGET = 13.2;
				MTL_ENABLE_DEBUG_INFO = NO;
				MTL_FAST_MATH = YES;
				SDKROOT = iphoneos;
				SWIFT_COMPILATION_MODE = wholemodule;
				SWIFT_OPTIMIZATION_LEVEL = "-O";
				VALIDATE_PRODUCT = YES;
			};
			name = Release;
		};
		8055B0F423E859EB00E0A91E /* Debug */ = {
			isa = XCBuildConfiguration;
			buildSettings = {
				ASSETCATALOG_COMPILER_APPICON_NAME = AppIcon;
				CODE_SIGN_STYLE = Automatic;
				INFOPLIST_FILE = Lab06/Info.plist;
				LD_RUNPATH_SEARCH_PATHS = (
					"$(inherited)",
					"@executable_path/Frameworks",
				);
				PRODUCT_BUNDLE_IDENTIFIER = kr.ac.swu.Lab06;
				PRODUCT_NAME = "$(TARGET_NAME)";
				SWIFT_VERSION = 5.0;
				TARGETED_DEVICE_FAMILY = "1,2";
			};
			name = Debug;
		};
		8055B0F523E859EB00E0A91E /* Release */ = {
			isa = XCBuildConfiguration;
			buildSettings = {
				ASSETCATALOG_COMPILER_APPICON_NAME = AppIcon;
				CODE_SIGN_STYLE = Automatic;
				INFOPLIST_FILE = Lab06/Info.plist;
				LD_RUNPATH_SEARCH_PATHS = (
					"$(inherited)",
					"@executable_path/Frameworks",
				);
				PRODUCT_BUNDLE_IDENTIFIER = kr.ac.swu.Lab06;
				PRODUCT_NAME = "$(TARGET_NAME)";
				SWIFT_VERSION = 5.0;
				TARGETED_DEVICE_FAMILY = "1,2";
			};
			name = Release;
		};
		8055B0F723E859EB00E0A91E /* Debug */ = {
			isa = XCBuildConfiguration;
			buildSettings = {
				ALWAYS_EMBED_SWIFT_STANDARD_LIBRARIES = YES;
				BUNDLE_LOADER = "$(TEST_HOST)";
				CODE_SIGN_STYLE = Automatic;
				INFOPLIST_FILE = Lab06Tests/Info.plist;
				IPHONEOS_DEPLOYMENT_TARGET = 13.2;
				LD_RUNPATH_SEARCH_PATHS = (
					"$(inherited)",
					"@executable_path/Frameworks",
					"@loader_path/Frameworks",
				);
				PRODUCT_BUNDLE_IDENTIFIER = kr.ac.swu.Lab06Tests;
				PRODUCT_NAME = "$(TARGET_NAME)";
				SWIFT_VERSION = 5.0;
				TARGETED_DEVICE_FAMILY = "1,2";
				TEST_HOST = "$(BUILT_PRODUCTS_DIR)/Lab06.app/Lab06";
			};
			name = Debug;
		};
		8055B0F823E859EB00E0A91E /* Release */ = {
			isa = XCBuildConfiguration;
			buildSettings = {
				ALWAYS_EMBED_SWIFT_STANDARD_LIBRARIES = YES;
				BUNDLE_LOADER = "$(TEST_HOST)";
				CODE_SIGN_STYLE = Automatic;
				INFOPLIST_FILE = Lab06Tests/Info.plist;
				IPHONEOS_DEPLOYMENT_TARGET = 13.2;
				LD_RUNPATH_SEARCH_PATHS = (
					"$(inherited)",
					"@executable_path/Frameworks",
					"@loader_path/Frameworks",
				);
				PRODUCT_BUNDLE_IDENTIFIER = kr.ac.swu.Lab06Tests;
				PRODUCT_NAME = "$(TARGET_NAME)";
				SWIFT_VERSION = 5.0;
				TARGETED_DEVICE_FAMILY = "1,2";
				TEST_HOST = "$(BUILT_PRODUCTS_DIR)/Lab06.app/Lab06";
			};
			name = Release;
		};
/* End XCBuildConfiguration section */

/* Begin XCConfigurationList section */
		8055B0CF23E859EA00E0A91E /* Build configuration list for PBXProject "Lab06" */ = {
			isa = XCConfigurationList;
			buildConfigurations = (
				8055B0F123E859EB00E0A91E /* Debug */,
				8055B0F223E859EB00E0A91E /* Release */,
			);
			defaultConfigurationIsVisible = 0;
			defaultConfigurationName = Release;
		};
		8055B0F323E859EB00E0A91E /* Build configuration list for PBXNativeTarget "Lab06" */ = {
			isa = XCConfigurationList;
			buildConfigurations = (
				8055B0F423E859EB00E0A91E /* Debug */,
				8055B0F523E859EB00E0A91E /* Release */,
			);
			defaultConfigurationIsVisible = 0;
			defaultConfigurationName = Release;
		};
		8055B0F623E859EB00E0A91E /* Build configuration list for PBXNativeTarget "Lab06Tests" */ = {
			isa = XCConfigurationList;
			buildConfigurations = (
				8055B0F723E859EB00E0A91E /* Debug */,
				8055B0F823E859EB00E0A91E /* Release */,
			);
			defaultConfigurationIsVisible = 0;
			defaultConfigurationName = Release;
		};
/* End XCConfigurationList section */
	};
	rootObject = 8055B0CC23E859EA00E0A91E /* Project object */;
}
