// !$*UTF8*$!
{
	archiveVersion = 1;
	classes = {
	};
	objectVersion = 50;
	objects = {

/* Begin PBXBuildFile section */
		336650BE25518B960030E8DB /* AppDelegate.swift in Sources */ = {isa = PBXBuildFile; fileRef = 336650BD25518B960030E8DB /* AppDelegate.swift */; };
		336650C025518B960030E8DB /* SceneDelegate.swift in Sources */ = {isa = PBXBuildFile; fileRef = 336650BF25518B960030E8DB /* SceneDelegate.swift */; };
		336650C225518B960030E8DB /* ViewController.swift in Sources */ = {isa = PBXBuildFile; fileRef = 336650C125518B960030E8DB /* ViewController.swift */; };
		336650C525518B960030E8DB /* Main.storyboard in Resources */ = {isa = PBXBuildFile; fileRef = 336650C325518B960030E8DB /* Main.storyboard */; };
		336650C725518B970030E8DB /* Assets.xcassets in Resources */ = {isa = PBXBuildFile; fileRef = 336650C625518B970030E8DB /* Assets.xcassets */; };
		336650CA25518B970030E8DB /* LaunchScreen.storyboard in Resources */ = {isa = PBXBuildFile; fileRef = 336650C825518B970030E8DB /* LaunchScreen.storyboard */; };
		336650D325518C6B0030E8DB /* mainHeaderTVCell.swift in Sources */ = {isa = PBXBuildFile; fileRef = 336650D225518C6B0030E8DB /* mainHeaderTVCell.swift */; };
		336650D625518C7B0030E8DB /* SecondTVCell.swift in Sources */ = {isa = PBXBuildFile; fileRef = 336650D525518C7B0030E8DB /* SecondTVCell.swift */; };
/* End PBXBuildFile section */

/* Begin PBXFileReference section */
		336650BA25518B960030E8DB /* collectionCellClickEvent.app */ = {isa = PBXFileReference; explicitFileType = wrapper.application; includeInIndex = 0; path = collectionCellClickEvent.app; sourceTree = BUILT_PRODUCTS_DIR; };
		336650BD25518B960030E8DB /* AppDelegate.swift */ = {isa = PBXFileReference; lastKnownFileType = sourcecode.swift; path = AppDelegate.swift; sourceTree = "<group>"; };
		336650BF25518B960030E8DB /* SceneDelegate.swift */ = {isa = PBXFileReference; lastKnownFileType = sourcecode.swift; path = SceneDelegate.swift; sourceTree = "<group>"; };
		336650C125518B960030E8DB /* ViewController.swift */ = {isa = PBXFileReference; lastKnownFileType = sourcecode.swift; path = ViewController.swift; sourceTree = "<group>"; };
		336650C425518B960030E8DB /* Base */ = {isa = PBXFileReference; lastKnownFileType = file.storyboard; name = Base; path = Base.lproj/Main.storyboard; sourceTree = "<group>"; };
		336650C625518B970030E8DB /* Assets.xcassets */ = {isa = PBXFileReference; lastKnownFileType = folder.assetcatalog; path = Assets.xcassets; sourceTree = "<group>"; };
		336650C925518B970030E8DB /* Base */ = {isa = PBXFileReference; lastKnownFileType = file.storyboard; name = Base; path = Base.lproj/LaunchScreen.storyboard; sourceTree = "<group>"; };
		336650CB25518B970030E8DB /* Info.plist */ = {isa = PBXFileReference; lastKnownFileType = text.plist.xml; path = Info.plist; sourceTree = "<group>"; };
		336650D225518C6B0030E8DB /* mainHeaderTVCell.swift */ = {isa = PBXFileReference; lastKnownFileType = sourcecode.swift; path = mainHeaderTVCell.swift; sourceTree = "<group>"; };
		336650D525518C7B0030E8DB /* SecondTVCell.swift */ = {isa = PBXFileReference; lastKnownFileType = sourcecode.swift; path = SecondTVCell.swift; sourceTree = "<group>"; };
/* End PBXFileReference section */

/* Begin PBXFrameworksBuildPhase section */
		336650B725518B960030E8DB /* Frameworks */ = {
			isa = PBXFrameworksBuildPhase;
			buildActionMask = 2147483647;
			files = (
			);
			runOnlyForDeploymentPostprocessing = 0;
		};
/* End PBXFrameworksBuildPhase section */

/* Begin PBXGroup section */
		336650B125518B950030E8DB = {
			isa = PBXGroup;
			children = (
				336650BC25518B960030E8DB /* collectionCellClickEvent */,
				336650BB25518B960030E8DB /* Products */,
			);
			sourceTree = "<group>";
		};
		336650BB25518B960030E8DB /* Products */ = {
			isa = PBXGroup;
			children = (
				336650BA25518B960030E8DB /* collectionCellClickEvent.app */,
			);
			name = Products;
			sourceTree = "<group>";
		};
		336650BC25518B960030E8DB /* collectionCellClickEvent */ = {
			isa = PBXGroup;
			children = (
				336650BD25518B960030E8DB /* AppDelegate.swift */,
				336650BF25518B960030E8DB /* SceneDelegate.swift */,
				336650C125518B960030E8DB /* ViewController.swift */,
				336650C325518B960030E8DB /* Main.storyboard */,
				336650C625518B970030E8DB /* Assets.xcassets */,
				336650C825518B970030E8DB /* LaunchScreen.storyboard */,
				336650CB25518B970030E8DB /* Info.plist */,
				336650D225518C6B0030E8DB /* mainHeaderTVCell.swift */,
				336650D525518C7B0030E8DB /* SecondTVCell.swift */,
			);
			path = collectionCellClickEvent;
			sourceTree = "<group>";
		};
/* End PBXGroup section */

/* Begin PBXNativeTarget section */
		336650B925518B960030E8DB /* collectionCellClickEvent */ = {
			isa = PBXNativeTarget;
			buildConfigurationList = 336650CE25518B970030E8DB /* Build configuration list for PBXNativeTarget "collectionCellClickEvent" */;
			buildPhases = (
				336650B625518B960030E8DB /* Sources */,
				336650B725518B960030E8DB /* Frameworks */,
				336650B825518B960030E8DB /* Resources */,
			);
			buildRules = (
			);
			dependencies = (
			);
			name = collectionCellClickEvent;
			productName = collectionCellClickEvent;
			productReference = 336650BA25518B960030E8DB /* collectionCellClickEvent.app */;
			productType = "com.apple.product-type.application";
		};
/* End PBXNativeTarget section */

/* Begin PBXProject section */
		336650B225518B950030E8DB /* Project object */ = {
			isa = PBXProject;
			attributes = {
				LastSwiftUpdateCheck = 1210;
				LastUpgradeCheck = 1210;
				TargetAttributes = {
					336650B925518B960030E8DB = {
						CreatedOnToolsVersion = 12.1;
					};
				};
			};
			buildConfigurationList = 336650B525518B950030E8DB /* Build configuration list for PBXProject "collectionCellClickEvent" */;
			compatibilityVersion = "Xcode 9.3";
			developmentRegion = en;
			hasScannedForEncodings = 0;
			knownRegions = (
				en,
				Base,
			);
			mainGroup = 336650B125518B950030E8DB;
			productRefGroup = 336650BB25518B960030E8DB /* Products */;
			projectDirPath = "";
			projectRoot = "";
			targets = (
				336650B925518B960030E8DB /* collectionCellClickEvent */,
			);
		};
/* End PBXProject section */

/* Begin PBXResourcesBuildPhase section */
		336650B825518B960030E8DB /* Resources */ = {
			isa = PBXResourcesBuildPhase;
			buildActionMask = 2147483647;
			files = (
				336650CA25518B970030E8DB /* LaunchScreen.storyboard in Resources */,
				336650C725518B970030E8DB /* Assets.xcassets in Resources */,
				336650C525518B960030E8DB /* Main.storyboard in Resources */,
			);
			runOnlyForDeploymentPostprocessing = 0;
		};
/* End PBXResourcesBuildPhase section */

/* Begin PBXSourcesBuildPhase section */
		336650B625518B960030E8DB /* Sources */ = {
			isa = PBXSourcesBuildPhase;
			buildActionMask = 2147483647;
			files = (
				336650C225518B960030E8DB /* ViewController.swift in Sources */,
				336650D325518C6B0030E8DB /* mainHeaderTVCell.swift in Sources */,
				336650BE25518B960030E8DB /* AppDelegate.swift in Sources */,
				336650C025518B960030E8DB /* SceneDelegate.swift in Sources */,
				336650D625518C7B0030E8DB /* SecondTVCell.swift in Sources */,
			);
			runOnlyForDeploymentPostprocessing = 0;
		};
/* End PBXSourcesBuildPhase section */

/* Begin PBXVariantGroup section */
		336650C325518B960030E8DB /* Main.storyboard */ = {
			isa = PBXVariantGroup;
			children = (
				336650C425518B960030E8DB /* Base */,
			);
			name = Main.storyboard;
			sourceTree = "<group>";
		};
		336650C825518B970030E8DB /* LaunchScreen.storyboard */ = {
			isa = PBXVariantGroup;
			children = (
				336650C925518B970030E8DB /* Base */,
			);
			name = LaunchScreen.storyboard;
			sourceTree = "<group>";
		};
/* End PBXVariantGroup section */

/* Begin XCBuildConfiguration section */
		336650CC25518B970030E8DB /* Debug */ = {
			isa = XCBuildConfiguration;
			buildSettings = {
				ALWAYS_SEARCH_USER_PATHS = NO;
				CLANG_ANALYZER_NONNULL = YES;
				CLANG_ANALYZER_NUMBER_OBJECT_CONVERSION = YES_AGGRESSIVE;
				CLANG_CXX_LANGUAGE_STANDARD = "gnu++14";
				CLANG_CXX_LIBRARY = "libc++";
				CLANG_ENABLE_MODULES = YES;
				CLANG_ENABLE_OBJC_ARC = YES;
				CLANG_ENABLE_OBJC_WEAK = YES;
				CLANG_WARN_BLOCK_CAPTURE_AUTORELEASING = YES;
				CLANG_WARN_BOOL_CONVERSION = YES;
				CLANG_WARN_COMMA = YES;
				CLANG_WARN_CONSTANT_CONVERSION = YES;
				CLANG_WARN_DEPRECATED_OBJC_IMPLEMENTATIONS = YES;
				CLANG_WARN_DIRECT_OBJC_ISA_USAGE = YES_ERROR;
				CLANG_WARN_DOCUMENTATION_COMMENTS = YES;
				CLANG_WARN_EMPTY_BODY = YES;
				CLANG_WARN_ENUM_CONVERSION = YES;
				CLANG_WARN_INFINITE_RECURSION = YES;
				CLANG_WARN_INT_CONVERSION = YES;
				CLANG_WARN_NON_LITERAL_NULL_CONVERSION = YES;
				CLANG_WARN_OBJC_IMPLICIT_RETAIN_SELF = YES;
				CLANG_WARN_OBJC_LITERAL_CONVERSION = YES;
				CLANG_WARN_OBJC_ROOT_CLASS = YES_ERROR;
				CLANG_WARN_QUOTED_INCLUDE_IN_FRAMEWORK_HEADER = YES;
				CLANG_WARN_RANGE_LOOP_ANALYSIS = YES;
				CLANG_WARN_STRICT_PROTOTYPES = YES;
				CLANG_WARN_SUSPICIOUS_MOVE = YES;
				CLANG_WARN_UNGUARDED_AVAILABILITY = YES_AGGRESSIVE;
				CLANG_WARN_UNREACHABLE_CODE = YES;
				CLANG_WARN__DUPLICATE_METHOD_MATCH = YES;
				COPY_PHASE_STRIP = NO;
				DEBUG_INFORMATION_FORMAT = dwarf;
				ENABLE_STRICT_OBJC_MSGSEND = YES;
				ENABLE_TESTABILITY = YES;
				GCC_C_LANGUAGE_STANDARD = gnu11;
				GCC_DYNAMIC_NO_PIC = NO;
				GCC_NO_COMMON_BLOCKS = YES;
				GCC_OPTIMIZATION_LEVEL = 0;
				GCC_PREPROCESSOR_DEFINITIONS = (
					"DEBUG=1",
					"$(inherited)",
				);
				GCC_WARN_64_TO_32_BIT_CONVERSION = YES;
				GCC_WARN_ABOUT_RETURN_TYPE = YES_ERROR;
				GCC_WARN_UNDECLARED_SELECTOR = YES;
				GCC_WARN_UNINITIALIZED_AUTOS = YES_AGGRESSIVE;
				GCC_WARN_UNUSED_FUNCTION = YES;
				GCC_WARN_UNUSED_VARIABLE = YES;
				IPHONEOS_DEPLOYMENT_TARGET = 14.1;
				MTL_ENABLE_DEBUG_INFO = INCLUDE_SOURCE;
				MTL_FAST_MATH = YES;
				ONLY_ACTIVE_ARCH = YES;
				SDKROOT = iphoneos;
				SWIFT_ACTIVE_COMPILATION_CONDITIONS = DEBUG;
				SWIFT_OPTIMIZATION_LEVEL = "-Onone";
			};
			name = Debug;
		};
		336650CD25518B970030E8DB /* Release */ = {
			isa = XCBuildConfiguration;
			buildSettings = {
				ALWAYS_SEARCH_USER_PATHS = NO;
				CLANG_ANALYZER_NONNULL = YES;
				CLANG_ANALYZER_NUMBER_OBJECT_CONVERSION = YES_AGGRESSIVE;
				CLANG_CXX_LANGUAGE_STANDARD = "gnu++14";
				CLANG_CXX_LIBRARY = "libc++";
				CLANG_ENABLE_MODULES = YES;
				CLANG_ENABLE_OBJC_ARC = YES;
				CLANG_ENABLE_OBJC_WEAK = YES;
				CLANG_WARN_BLOCK_CAPTURE_AUTORELEASING = YES;
				CLANG_WARN_BOOL_CONVERSION = YES;
				CLANG_WARN_COMMA = YES;
				CLANG_WARN_CONSTANT_CONVERSION = YES;
				CLANG_WARN_DEPRECATED_OBJC_IMPLEMENTATIONS = YES;
				CLANG_WARN_DIRECT_OBJC_ISA_USAGE = YES_ERROR;
				CLANG_WARN_DOCUMENTATION_COMMENTS = YES;
				CLANG_WARN_EMPTY_BODY = YES;
				CLANG_WARN_ENUM_CONVERSION = YES;
				CLANG_WARN_INFINITE_RECURSION = YES;
				CLANG_WARN_INT_CONVERSION = YES;
				CLANG_WARN_NON_LITERAL_NULL_CONVERSION = YES;
				CLANG_WARN_OBJC_IMPLICIT_RETAIN_SELF = YES;
				CLANG_WARN_OBJC_LITERAL_CONVERSION = YES;
				CLANG_WARN_OBJC_ROOT_CLASS = YES_ERROR;
				CLANG_WARN_QUOTED_INCLUDE_IN_FRAMEWORK_HEADER = YES;
				CLANG_WARN_RANGE_LOOP_ANALYSIS = YES;
				CLANG_WARN_STRICT_PROTOTYPES = YES;
				CLANG_WARN_SUSPICIOUS_MOVE = YES;
				CLANG_WARN_UNGUARDED_AVAILABILITY = YES_AGGRESSIVE;
				CLANG_WARN_UNREACHABLE_CODE = YES;
				CLANG_WARN__DUPLICATE_METHOD_MATCH = YES;
				COPY_PHASE_STRIP = NO;
				DEBUG_INFORMATION_FORMAT = "dwarf-with-dsym";
				ENABLE_NS_ASSERTIONS = NO;
				ENABLE_STRICT_OBJC_MSGSEND = YES;
				GCC_C_LANGUAGE_STANDARD = gnu11;
				GCC_NO_COMMON_BLOCKS = YES;
				GCC_WARN_64_TO_32_BIT_CONVERSION = YES;
				GCC_WARN_ABOUT_RETURN_TYPE = YES_ERROR;
				GCC_WARN_UNDECLARED_SELECTOR = YES;
				GCC_WARN_UNINITIALIZED_AUTOS = YES_AGGRESSIVE;
				GCC_WARN_UNUSED_FUNCTION = YES;
				GCC_WARN_UNUSED_VARIABLE = YES;
				IPHONEOS_DEPLOYMENT_TARGET = 14.1;
				MTL_ENABLE_DEBUG_INFO = NO;
				MTL_FAST_MATH = YES;
				SDKROOT = iphoneos;
				SWIFT_COMPILATION_MODE = wholemodule;
				SWIFT_OPTIMIZATION_LEVEL = "-O";
				VALIDATE_PRODUCT = YES;
			};
			name = Release;
		};
		336650CF25518B970030E8DB /* Debug */ = {
			isa = XCBuildConfiguration;
			buildSettings = {
				ASSETCATALOG_COMPILER_APPICON_NAME = AppIcon;
				ASSETCATALOG_COMPILER_GLOBAL_ACCENT_COLOR_NAME = AccentColor;
				CODE_SIGN_STYLE = Automatic;
				INFOPLIST_FILE = collectionCellClickEvent/Info.plist;
				LD_RUNPATH_SEARCH_PATHS = (
					"$(inherited)",
					"@executable_path/Frameworks",
				);
				PRODUCT_BUNDLE_IDENTIFIER = com.swu.hwangji.collectionCellClickEvent;
				PRODUCT_NAME = "$(TARGET_NAME)";
				SWIFT_VERSION = 5.0;
				TARGETED_DEVICE_FAMILY = "1,2";
			};
			name = Debug;
		};
		336650D025518B970030E8DB /* Release */ = {
			isa = XCBuildConfiguration;
			buildSettings = {
				ASSETCATALOG_COMPILER_APPICON_NAME = AppIcon;
				ASSETCATALOG_COMPILER_GLOBAL_ACCENT_COLOR_NAME = AccentColor;
				CODE_SIGN_STYLE = Automatic;
				INFOPLIST_FILE = collectionCellClickEvent/Info.plist;
				LD_RUNPATH_SEARCH_PATHS = (
					"$(inherited)",
					"@executable_path/Frameworks",
				);
				PRODUCT_BUNDLE_IDENTIFIER = com.swu.hwangji.collectionCellClickEvent;
				PRODUCT_NAME = "$(TARGET_NAME)";
				SWIFT_VERSION = 5.0;
				TARGETED_DEVICE_FAMILY = "1,2";
			};
			name = Release;
		};
/* End XCBuildConfiguration section */

/* Begin XCConfigurationList section */
		336650B525518B950030E8DB /* Build configuration list for PBXProject "collectionCellClickEvent" */ = {
			isa = XCConfigurationList;
			buildConfigurations = (
				336650CC25518B970030E8DB /* Debug */,
				336650CD25518B970030E8DB /* Release */,
			);
			defaultConfigurationIsVisible = 0;
			defaultConfigurationName = Release;
		};
		336650CE25518B970030E8DB /* Build configuration list for PBXNativeTarget "collectionCellClickEvent" */ = {
			isa = XCConfigurationList;
			buildConfigurations = (
				336650CF25518B970030E8DB /* Debug */,
				336650D025518B970030E8DB /* Release */,
			);
			defaultConfigurationIsVisible = 0;
			defaultConfigurationName = Release;
		};
/* End XCConfigurationList section */
	};
	rootObject = 336650B225518B950030E8DB /* Project object */;
}
