// !$*UTF8*$!
{
	archiveVersion = 1;
	classes = {
	};
	objectVersion = 51;
	objects = {

/* Begin PBXBuildFile section */
		3364ED162494025C00303EB7 /* AppDelegate.swift in Sources */ = {isa = PBXBuildFile; fileRef = 3364ED152494025C00303EB7 /* AppDelegate.swift */; };
		3364ED182494025C00303EB7 /* SceneDelegate.swift in Sources */ = {isa = PBXBuildFile; fileRef = 3364ED172494025C00303EB7 /* SceneDelegate.swift */; };
		3364ED1A2494025C00303EB7 /* ViewController.swift in Sources */ = {isa = PBXBuildFile; fileRef = 3364ED192494025C00303EB7 /* ViewController.swift */; };
		3364ED1D2494025C00303EB7 /* Main.storyboard in Resources */ = {isa = PBXBuildFile; fileRef = 3364ED1B2494025C00303EB7 /* Main.storyboard */; };
		3364ED1F2494025D00303EB7 /* Assets.xcassets in Resources */ = {isa = PBXBuildFile; fileRef = 3364ED1E2494025D00303EB7 /* Assets.xcassets */; };
		3364ED222494025D00303EB7 /* LaunchScreen.storyboard in Resources */ = {isa = PBXBuildFile; fileRef = 3364ED202494025D00303EB7 /* LaunchScreen.storyboard */; };
		3364ED4F249469C000303EB7 /* CoreLocation.framework in Frameworks */ = {isa = PBXBuildFile; fileRef = 3364ED4E249469C000303EB7 /* CoreLocation.framework */; };
		C06F90D90A64550BD1492DA9 /* Pods_mapPractice.framework in Frameworks */ = {isa = PBXBuildFile; fileRef = C93D33766E4F47DFAC0C73E6 /* Pods_mapPractice.framework */; };
/* End PBXBuildFile section */

/* Begin PBXFileReference section */
		03F54DE1536E26814CDA9C6C /* Pods-mapPractice.release.xcconfig */ = {isa = PBXFileReference; includeInIndex = 1; lastKnownFileType = text.xcconfig; name = "Pods-mapPractice.release.xcconfig"; path = "Target Support Files/Pods-mapPractice/Pods-mapPractice.release.xcconfig"; sourceTree = "<group>"; };
		3364ED122494025C00303EB7 /* mapPractice.app */ = {isa = PBXFileReference; explicitFileType = wrapper.application; includeInIndex = 0; path = mapPractice.app; sourceTree = BUILT_PRODUCTS_DIR; };
		3364ED152494025C00303EB7 /* AppDelegate.swift */ = {isa = PBXFileReference; lastKnownFileType = sourcecode.swift; path = AppDelegate.swift; sourceTree = "<group>"; };
		3364ED172494025C00303EB7 /* SceneDelegate.swift */ = {isa = PBXFileReference; lastKnownFileType = sourcecode.swift; path = SceneDelegate.swift; sourceTree = "<group>"; };
		3364ED192494025C00303EB7 /* ViewController.swift */ = {isa = PBXFileReference; lastKnownFileType = sourcecode.swift; path = ViewController.swift; sourceTree = "<group>"; };
		3364ED1C2494025C00303EB7 /* Base */ = {isa = PBXFileReference; lastKnownFileType = file.storyboard; name = Base; path = Base.lproj/Main.storyboard; sourceTree = "<group>"; };
		3364ED1E2494025D00303EB7 /* Assets.xcassets */ = {isa = PBXFileReference; lastKnownFileType = folder.assetcatalog; path = Assets.xcassets; sourceTree = "<group>"; };
		3364ED212494025D00303EB7 /* Base */ = {isa = PBXFileReference; lastKnownFileType = file.storyboard; name = Base; path = Base.lproj/LaunchScreen.storyboard; sourceTree = "<group>"; };
		3364ED232494025D00303EB7 /* Info.plist */ = {isa = PBXFileReference; lastKnownFileType = text.plist.xml; path = Info.plist; sourceTree = "<group>"; };
		3364ED4E249469C000303EB7 /* CoreLocation.framework */ = {isa = PBXFileReference; lastKnownFileType = wrapper.framework; name = CoreLocation.framework; path = System/Library/Frameworks/CoreLocation.framework; sourceTree = SDKROOT; };
		3364ED50249470A900303EB7 /* libAWDProtobufLocation.tbd */ = {isa = PBXFileReference; lastKnownFileType = "sourcecode.text-based-dylib-definition"; name = libAWDProtobufLocation.tbd; path = usr/lib/libAWDProtobufLocation.tbd; sourceTree = SDKROOT; };
		3364ED51249470A900303EB7 /* libswiftCoreLocation.tbd */ = {isa = PBXFileReference; lastKnownFileType = "sourcecode.text-based-dylib-definition"; name = libswiftCoreLocation.tbd; path = usr/lib/swift/libswiftCoreLocation.tbd; sourceTree = SDKROOT; };
		7F083B739A0E715C9468D64A /* Pods-mapPractice.debug.xcconfig */ = {isa = PBXFileReference; includeInIndex = 1; lastKnownFileType = text.xcconfig; name = "Pods-mapPractice.debug.xcconfig"; path = "Target Support Files/Pods-mapPractice/Pods-mapPractice.debug.xcconfig"; sourceTree = "<group>"; };
		C93D33766E4F47DFAC0C73E6 /* Pods_mapPractice.framework */ = {isa = PBXFileReference; explicitFileType = wrapper.framework; includeInIndex = 0; path = Pods_mapPractice.framework; sourceTree = BUILT_PRODUCTS_DIR; };
/* End PBXFileReference section */

/* Begin PBXFrameworksBuildPhase section */
		3364ED0F2494025C00303EB7 /* Frameworks */ = {
			isa = PBXFrameworksBuildPhase;
			buildActionMask = 2147483647;
			files = (
				3364ED4F249469C000303EB7 /* CoreLocation.framework in Frameworks */,
				C06F90D90A64550BD1492DA9 /* Pods_mapPractice.framework in Frameworks */,
			);
			runOnlyForDeploymentPostprocessing = 0;
		};
/* End PBXFrameworksBuildPhase section */

/* Begin PBXGroup section */
		3364ED092494025C00303EB7 = {
			isa = PBXGroup;
			children = (
				3364ED142494025C00303EB7 /* mapPractice */,
				3364ED132494025C00303EB7 /* Products */,
				EC37D5F300F9860EE07A5947 /* Pods */,
				E841C97FD50DD1B24CC119E3 /* Frameworks */,
			);
			sourceTree = "<group>";
		};
		3364ED132494025C00303EB7 /* Products */ = {
			isa = PBXGroup;
			children = (
				3364ED122494025C00303EB7 /* mapPractice.app */,
			);
			name = Products;
			sourceTree = "<group>";
		};
		3364ED142494025C00303EB7 /* mapPractice */ = {
			isa = PBXGroup;
			children = (
				3364ED152494025C00303EB7 /* AppDelegate.swift */,
				3364ED172494025C00303EB7 /* SceneDelegate.swift */,
				3364ED192494025C00303EB7 /* ViewController.swift */,
				3364ED1B2494025C00303EB7 /* Main.storyboard */,
				3364ED1E2494025D00303EB7 /* Assets.xcassets */,
				3364ED202494025D00303EB7 /* LaunchScreen.storyboard */,
				3364ED232494025D00303EB7 /* Info.plist */,
			);
			path = mapPractice;
			sourceTree = "<group>";
		};
		E841C97FD50DD1B24CC119E3 /* Frameworks */ = {
			isa = PBXGroup;
			children = (
				3364ED50249470A900303EB7 /* libAWDProtobufLocation.tbd */,
				3364ED51249470A900303EB7 /* libswiftCoreLocation.tbd */,
				3364ED4E249469C000303EB7 /* CoreLocation.framework */,
				C93D33766E4F47DFAC0C73E6 /* Pods_mapPractice.framework */,
			);
			name = Frameworks;
			sourceTree = "<group>";
		};
		EC37D5F300F9860EE07A5947 /* Pods */ = {
			isa = PBXGroup;
			children = (
				7F083B739A0E715C9468D64A /* Pods-mapPractice.debug.xcconfig */,
				03F54DE1536E26814CDA9C6C /* Pods-mapPractice.release.xcconfig */,
			);
			path = Pods;
			sourceTree = "<group>";
		};
/* End PBXGroup section */

/* Begin PBXNativeTarget section */
		3364ED112494025C00303EB7 /* mapPractice */ = {
			isa = PBXNativeTarget;
			buildConfigurationList = 3364ED262494025D00303EB7 /* Build configuration list for PBXNativeTarget "mapPractice" */;
			buildPhases = (
				5EC1D1A2D2601622F8E1D603 /* [CP] Check Pods Manifest.lock */,
				3364ED0E2494025C00303EB7 /* Sources */,
				3364ED0F2494025C00303EB7 /* Frameworks */,
				3364ED102494025C00303EB7 /* Resources */,
				C2AFA2774F00AEA9FD6276EA /* [CP] Embed Pods Frameworks */,
			);
			buildRules = (
			);
			dependencies = (
			);
			name = mapPractice;
			productName = mapPractice;
			productReference = 3364ED122494025C00303EB7 /* mapPractice.app */;
			productType = "com.apple.product-type.application";
		};
/* End PBXNativeTarget section */

/* Begin PBXProject section */
		3364ED0A2494025C00303EB7 /* Project object */ = {
			isa = PBXProject;
			attributes = {
				LastSwiftUpdateCheck = 1150;
				LastUpgradeCheck = 1150;
				ORGANIZATIONNAME = "황지은";
				TargetAttributes = {
					3364ED112494025C00303EB7 = {
						CreatedOnToolsVersion = 11.5;
					};
				};
			};
			buildConfigurationList = 3364ED0D2494025C00303EB7 /* Build configuration list for PBXProject "mapPractice" */;
			compatibilityVersion = "Xcode 9.3";
			developmentRegion = en;
			hasScannedForEncodings = 0;
			knownRegions = (
				en,
				Base,
			);
			mainGroup = 3364ED092494025C00303EB7;
			productRefGroup = 3364ED132494025C00303EB7 /* Products */;
			projectDirPath = "";
			projectRoot = "";
			targets = (
				3364ED112494025C00303EB7 /* mapPractice */,
			);
		};
/* End PBXProject section */

/* Begin PBXResourcesBuildPhase section */
		3364ED102494025C00303EB7 /* Resources */ = {
			isa = PBXResourcesBuildPhase;
			buildActionMask = 2147483647;
			files = (
				3364ED222494025D00303EB7 /* LaunchScreen.storyboard in Resources */,
				3364ED1F2494025D00303EB7 /* Assets.xcassets in Resources */,
				3364ED1D2494025C00303EB7 /* Main.storyboard in Resources */,
			);
			runOnlyForDeploymentPostprocessing = 0;
		};
/* End PBXResourcesBuildPhase section */

/* Begin PBXShellScriptBuildPhase section */
		5EC1D1A2D2601622F8E1D603 /* [CP] Check Pods Manifest.lock */ = {
			isa = PBXShellScriptBuildPhase;
			buildActionMask = 2147483647;
			files = (
			);
			inputFileListPaths = (
			);
			inputPaths = (
				"${PODS_PODFILE_DIR_PATH}/Podfile.lock",
				"${PODS_ROOT}/Manifest.lock",
			);
			name = "[CP] Check Pods Manifest.lock";
			outputFileListPaths = (
			);
			outputPaths = (
				"$(DERIVED_FILE_DIR)/Pods-mapPractice-checkManifestLockResult.txt",
			);
			runOnlyForDeploymentPostprocessing = 0;
			shellPath = /bin/sh;
			shellScript = "diff \"${PODS_PODFILE_DIR_PATH}/Podfile.lock\" \"${PODS_ROOT}/Manifest.lock\" > /dev/null\nif [ $? != 0 ] ; then\n    # print error to STDERR\n    echo \"error: The sandbox is not in sync with the Podfile.lock. Run 'pod install' or update your CocoaPods installation.\" >&2\n    exit 1\nfi\n# This output is used by Xcode 'outputs' to avoid re-running this script phase.\necho \"SUCCESS\" > \"${SCRIPT_OUTPUT_FILE_0}\"\n";
			showEnvVarsInLog = 0;
		};
		C2AFA2774F00AEA9FD6276EA /* [CP] Embed Pods Frameworks */ = {
			isa = PBXShellScriptBuildPhase;
			buildActionMask = 2147483647;
			files = (
			);
			inputFileListPaths = (
				"${PODS_ROOT}/Target Support Files/Pods-mapPractice/Pods-mapPractice-frameworks-${CONFIGURATION}-input-files.xcfilelist",
			);
			name = "[CP] Embed Pods Frameworks";
			outputFileListPaths = (
				"${PODS_ROOT}/Target Support Files/Pods-mapPractice/Pods-mapPractice-frameworks-${CONFIGURATION}-output-files.xcfilelist",
			);
			runOnlyForDeploymentPostprocessing = 0;
			shellPath = /bin/sh;
			shellScript = "\"${PODS_ROOT}/Target Support Files/Pods-mapPractice/Pods-mapPractice-frameworks.sh\"\n";
			showEnvVarsInLog = 0;
		};
/* End PBXShellScriptBuildPhase section */

/* Begin PBXSourcesBuildPhase section */
		3364ED0E2494025C00303EB7 /* Sources */ = {
			isa = PBXSourcesBuildPhase;
			buildActionMask = 2147483647;
			files = (
				3364ED1A2494025C00303EB7 /* ViewController.swift in Sources */,
				3364ED162494025C00303EB7 /* AppDelegate.swift in Sources */,
				3364ED182494025C00303EB7 /* SceneDelegate.swift in Sources */,
			);
			runOnlyForDeploymentPostprocessing = 0;
		};
/* End PBXSourcesBuildPhase section */

/* Begin PBXVariantGroup section */
		3364ED1B2494025C00303EB7 /* Main.storyboard */ = {
			isa = PBXVariantGroup;
			children = (
				3364ED1C2494025C00303EB7 /* Base */,
			);
			name = Main.storyboard;
			sourceTree = "<group>";
		};
		3364ED202494025D00303EB7 /* LaunchScreen.storyboard */ = {
			isa = PBXVariantGroup;
			children = (
				3364ED212494025D00303EB7 /* Base */,
			);
			name = LaunchScreen.storyboard;
			sourceTree = "<group>";
		};
/* End PBXVariantGroup section */

/* Begin XCBuildConfiguration section */
		3364ED242494025D00303EB7 /* Debug */ = {
			isa = XCBuildConfiguration;
			buildSettings = {
				ALWAYS_SEARCH_USER_PATHS = NO;
				CLANG_ANALYZER_NONNULL = YES;
				CLANG_ANALYZER_NUMBER_OBJECT_CONVERSION = YES_AGGRESSIVE;
				CLANG_CXX_LANGUAGE_STANDARD = "gnu++14";
				CLANG_CXX_LIBRARY = "libc++";
				CLANG_ENABLE_MODULES = YES;
				CLANG_ENABLE_OBJC_ARC = YES;
				CLANG_ENABLE_OBJC_WEAK = YES;
				CLANG_WARN_BLOCK_CAPTURE_AUTORELEASING = YES;
				CLANG_WARN_BOOL_CONVERSION = YES;
				CLANG_WARN_COMMA = YES;
				CLANG_WARN_CONSTANT_CONVERSION = YES;
				CLANG_WARN_DEPRECATED_OBJC_IMPLEMENTATIONS = YES;
				CLANG_WARN_DIRECT_OBJC_ISA_USAGE = YES_ERROR;
				CLANG_WARN_DOCUMENTATION_COMMENTS = YES;
				CLANG_WARN_EMPTY_BODY = YES;
				CLANG_WARN_ENUM_CONVERSION = YES;
				CLANG_WARN_INFINITE_RECURSION = YES;
				CLANG_WARN_INT_CONVERSION = YES;
				CLANG_WARN_NON_LITERAL_NULL_CONVERSION = YES;
				CLANG_WARN_OBJC_IMPLICIT_RETAIN_SELF = YES;
				CLANG_WARN_OBJC_LITERAL_CONVERSION = YES;
				CLANG_WARN_OBJC_ROOT_CLASS = YES_ERROR;
				CLANG_WARN_RANGE_LOOP_ANALYSIS = YES;
				CLANG_WARN_STRICT_PROTOTYPES = YES;
				CLANG_WARN_SUSPICIOUS_MOVE = YES;
				CLANG_WARN_UNGUARDED_AVAILABILITY = YES_AGGRESSIVE;
				CLANG_WARN_UNREACHABLE_CODE = YES;
				CLANG_WARN__DUPLICATE_METHOD_MATCH = YES;
				COPY_PHASE_STRIP = NO;
				DEBUG_INFORMATION_FORMAT = dwarf;
				ENABLE_STRICT_OBJC_MSGSEND = YES;
				ENABLE_TESTABILITY = YES;
				GCC_C_LANGUAGE_STANDARD = gnu11;
				GCC_DYNAMIC_NO_PIC = NO;
				GCC_NO_COMMON_BLOCKS = YES;
				GCC_OPTIMIZATION_LEVEL = 0;
				GCC_PREPROCESSOR_DEFINITIONS = (
					"DEBUG=1",
					"$(inherited)",
				);
				GCC_WARN_64_TO_32_BIT_CONVERSION = YES;
				GCC_WARN_ABOUT_RETURN_TYPE = YES_ERROR;
				GCC_WARN_UNDECLARED_SELECTOR = YES;
				GCC_WARN_UNINITIALIZED_AUTOS = YES_AGGRESSIVE;
				GCC_WARN_UNUSED_FUNCTION = YES;
				GCC_WARN_UNUSED_VARIABLE = YES;
				IPHONEOS_DEPLOYMENT_TARGET = 13.5;
				MTL_ENABLE_DEBUG_INFO = INCLUDE_SOURCE;
				MTL_FAST_MATH = YES;
				ONLY_ACTIVE_ARCH = YES;
				SDKROOT = iphoneos;
				SWIFT_ACTIVE_COMPILATION_CONDITIONS = DEBUG;
				SWIFT_OPTIMIZATION_LEVEL = "-Onone";
			};
			name = Debug;
		};
		3364ED252494025D00303EB7 /* Release */ = {
			isa = XCBuildConfiguration;
			buildSettings = {
				ALWAYS_SEARCH_USER_PATHS = NO;
				CLANG_ANALYZER_NONNULL = YES;
				CLANG_ANALYZER_NUMBER_OBJECT_CONVERSION = YES_AGGRESSIVE;
				CLANG_CXX_LANGUAGE_STANDARD = "gnu++14";
				CLANG_CXX_LIBRARY = "libc++";
				CLANG_ENABLE_MODULES = YES;
				CLANG_ENABLE_OBJC_ARC = YES;
				CLANG_ENABLE_OBJC_WEAK = YES;
				CLANG_WARN_BLOCK_CAPTURE_AUTORELEASING = YES;
				CLANG_WARN_BOOL_CONVERSION = YES;
				CLANG_WARN_COMMA = YES;
				CLANG_WARN_CONSTANT_CONVERSION = YES;
				CLANG_WARN_DEPRECATED_OBJC_IMPLEMENTATIONS = YES;
				CLANG_WARN_DIRECT_OBJC_ISA_USAGE = YES_ERROR;
				CLANG_WARN_DOCUMENTATION_COMMENTS = YES;
				CLANG_WARN_EMPTY_BODY = YES;
				CLANG_WARN_ENUM_CONVERSION = YES;
				CLANG_WARN_INFINITE_RECURSION = YES;
				CLANG_WARN_INT_CONVERSION = YES;
				CLANG_WARN_NON_LITERAL_NULL_CONVERSION = YES;
				CLANG_WARN_OBJC_IMPLICIT_RETAIN_SELF = YES;
				CLANG_WARN_OBJC_LITERAL_CONVERSION = YES;
				CLANG_WARN_OBJC_ROOT_CLASS = YES_ERROR;
				CLANG_WARN_RANGE_LOOP_ANALYSIS = YES;
				CLANG_WARN_STRICT_PROTOTYPES = YES;
				CLANG_WARN_SUSPICIOUS_MOVE = YES;
				CLANG_WARN_UNGUARDED_AVAILABILITY = YES_AGGRESSIVE;
				CLANG_WARN_UNREACHABLE_CODE = YES;
				CLANG_WARN__DUPLICATE_METHOD_MATCH = YES;
				COPY_PHASE_STRIP = NO;
				DEBUG_INFORMATION_FORMAT = "dwarf-with-dsym";
				ENABLE_NS_ASSERTIONS = NO;
				ENABLE_STRICT_OBJC_MSGSEND = YES;
				GCC_C_LANGUAGE_STANDARD = gnu11;
				GCC_NO_COMMON_BLOCKS = YES;
				GCC_WARN_64_TO_32_BIT_CONVERSION = YES;
				GCC_WARN_ABOUT_RETURN_TYPE = YES_ERROR;
				GCC_WARN_UNDECLARED_SELECTOR = YES;
				GCC_WARN_UNINITIALIZED_AUTOS = YES_AGGRESSIVE;
				GCC_WARN_UNUSED_FUNCTION = YES;
				GCC_WARN_UNUSED_VARIABLE = YES;
				IPHONEOS_DEPLOYMENT_TARGET = 13.5;
				MTL_ENABLE_DEBUG_INFO = NO;
				MTL_FAST_MATH = YES;
				SDKROOT = iphoneos;
				SWIFT_COMPILATION_MODE = wholemodule;
				SWIFT_OPTIMIZATION_LEVEL = "-O";
				VALIDATE_PRODUCT = YES;
			};
			name = Release;
		};
		3364ED272494025D00303EB7 /* Debug */ = {
			isa = XCBuildConfiguration;
			baseConfigurationReference = 7F083B739A0E715C9468D64A /* Pods-mapPractice.debug.xcconfig */;
			buildSettings = {
				ASSETCATALOG_COMPILER_APPICON_NAME = AppIcon;
				CODE_SIGN_STYLE = Automatic;
				DEVELOPMENT_TEAM = 2ZS26WP93H;
				INFOPLIST_FILE = mapPractice/Info.plist;
				LD_RUNPATH_SEARCH_PATHS = (
					"$(inherited)",
					"@executable_path/Frameworks",
				);
				PRODUCT_BUNDLE_IDENTIFIER = com.naver.practiceMaps;
				PRODUCT_NAME = "$(TARGET_NAME)";
				SWIFT_VERSION = 5.0;
				TARGETED_DEVICE_FAMILY = "1,2";
			};
			name = Debug;
		};
		3364ED282494025D00303EB7 /* Release */ = {
			isa = XCBuildConfiguration;
			baseConfigurationReference = 03F54DE1536E26814CDA9C6C /* Pods-mapPractice.release.xcconfig */;
			buildSettings = {
				ASSETCATALOG_COMPILER_APPICON_NAME = AppIcon;
				CODE_SIGN_STYLE = Automatic;
				DEVELOPMENT_TEAM = 2ZS26WP93H;
				INFOPLIST_FILE = mapPractice/Info.plist;
				LD_RUNPATH_SEARCH_PATHS = (
					"$(inherited)",
					"@executable_path/Frameworks",
				);
				PRODUCT_BUNDLE_IDENTIFIER = com.naver.practiceMaps;
				PRODUCT_NAME = "$(TARGET_NAME)";
				SWIFT_VERSION = 5.0;
				TARGETED_DEVICE_FAMILY = "1,2";
			};
			name = Release;
		};
/* End XCBuildConfiguration section */

/* Begin XCConfigurationList section */
		3364ED0D2494025C00303EB7 /* Build configuration list for PBXProject "mapPractice" */ = {
			isa = XCConfigurationList;
			buildConfigurations = (
				3364ED242494025D00303EB7 /* Debug */,
				3364ED252494025D00303EB7 /* Release */,
			);
			defaultConfigurationIsVisible = 0;
			defaultConfigurationName = Release;
		};
		3364ED262494025D00303EB7 /* Build configuration list for PBXNativeTarget "mapPractice" */ = {
			isa = XCConfigurationList;
			buildConfigurations = (
				3364ED272494025D00303EB7 /* Debug */,
				3364ED282494025D00303EB7 /* Release */,
			);
			defaultConfigurationIsVisible = 0;
			defaultConfigurationName = Release;
		};
/* End XCConfigurationList section */
	};
	rootObject = 3364ED0A2494025C00303EB7 /* Project object */;
}
