// !$*UTF8*$!
{
	archiveVersion = 1;
	classes = {
	};
	objectVersion = 51;
	objects = {

/* Begin PBXBuildFile section */
		33084609259F636600B4F156 /* AppDelegate.swift in Sources */ = {isa = PBXBuildFile; fileRef = 33084608259F636600B4F156 /* AppDelegate.swift */; };
		3308460B259F636600B4F156 /* SceneDelegate.swift in Sources */ = {isa = PBXBuildFile; fileRef = 3308460A259F636600B4F156 /* SceneDelegate.swift */; };
		3308460D259F636600B4F156 /* ViewController.swift in Sources */ = {isa = PBXBuildFile; fileRef = 3308460C259F636600B4F156 /* ViewController.swift */; };
		33084610259F636600B4F156 /* Main.storyboard in Resources */ = {isa = PBXBuildFile; fileRef = 3308460E259F636600B4F156 /* Main.storyboard */; };
		33084612259F636900B4F156 /* Assets.xcassets in Resources */ = {isa = PBXBuildFile; fileRef = 33084611259F636900B4F156 /* Assets.xcassets */; };
		33084615259F636900B4F156 /* LaunchScreen.storyboard in Resources */ = {isa = PBXBuildFile; fileRef = 33084613259F636900B4F156 /* LaunchScreen.storyboard */; };
		33084621259F683C00B4F156 /* DetailVC.swift in Sources */ = {isa = PBXBuildFile; fileRef = 33084620259F683C00B4F156 /* DetailVC.swift */; };
		33084624259F692500B4F156 /* MainVC.swift in Sources */ = {isa = PBXBuildFile; fileRef = 33084623259F692500B4F156 /* MainVC.swift */; };
		33084627259F6D2800B4F156 /* BackdropVC.swift in Sources */ = {isa = PBXBuildFile; fileRef = 33084626259F6D2800B4F156 /* BackdropVC.swift */; };
		33E874C225A03C98001F84FE /* UIColor+Additions.swift in Sources */ = {isa = PBXBuildFile; fileRef = 33E874C125A03C98001F84FE /* UIColor+Additions.swift */; };
		33E874C525A03F81001F84FE /* CherishData.swift in Sources */ = {isa = PBXBuildFile; fileRef = 33E874C425A03F81001F84FE /* CherishData.swift */; };
		33EFF669259FA56B000467D5 /* DetailCVCell.swift in Sources */ = {isa = PBXBuildFile; fileRef = 33EFF668259FA56B000467D5 /* DetailCVCell.swift */; };
		8CB71FFF441F4971EB575EED /* Pods_OverlayContainerPractice.framework in Frameworks */ = {isa = PBXBuildFile; fileRef = 8939607C928611EFE437D209 /* Pods_OverlayContainerPractice.framework */; };
/* End PBXBuildFile section */

/* Begin PBXFileReference section */
		33084605259F636600B4F156 /* OverlayContainerPractice.app */ = {isa = PBXFileReference; explicitFileType = wrapper.application; includeInIndex = 0; path = OverlayContainerPractice.app; sourceTree = BUILT_PRODUCTS_DIR; };
		33084608259F636600B4F156 /* AppDelegate.swift */ = {isa = PBXFileReference; lastKnownFileType = sourcecode.swift; path = AppDelegate.swift; sourceTree = "<group>"; };
		3308460A259F636600B4F156 /* SceneDelegate.swift */ = {isa = PBXFileReference; lastKnownFileType = sourcecode.swift; path = SceneDelegate.swift; sourceTree = "<group>"; };
		3308460C259F636600B4F156 /* ViewController.swift */ = {isa = PBXFileReference; lastKnownFileType = sourcecode.swift; path = ViewController.swift; sourceTree = "<group>"; };
		3308460F259F636600B4F156 /* Base */ = {isa = PBXFileReference; lastKnownFileType = file.storyboard; name = Base; path = Base.lproj/Main.storyboard; sourceTree = "<group>"; };
		33084611259F636900B4F156 /* Assets.xcassets */ = {isa = PBXFileReference; lastKnownFileType = folder.assetcatalog; path = Assets.xcassets; sourceTree = "<group>"; };
		33084614259F636900B4F156 /* Base */ = {isa = PBXFileReference; lastKnownFileType = file.storyboard; name = Base; path = Base.lproj/LaunchScreen.storyboard; sourceTree = "<group>"; };
		33084616259F636900B4F156 /* Info.plist */ = {isa = PBXFileReference; lastKnownFileType = text.plist.xml; path = Info.plist; sourceTree = "<group>"; };
		33084620259F683C00B4F156 /* DetailVC.swift */ = {isa = PBXFileReference; lastKnownFileType = sourcecode.swift; path = DetailVC.swift; sourceTree = "<group>"; };
		33084623259F692500B4F156 /* MainVC.swift */ = {isa = PBXFileReference; lastKnownFileType = sourcecode.swift; path = MainVC.swift; sourceTree = "<group>"; };
		33084626259F6D2800B4F156 /* BackdropVC.swift */ = {isa = PBXFileReference; lastKnownFileType = sourcecode.swift; path = BackdropVC.swift; sourceTree = "<group>"; };
		33E874C125A03C98001F84FE /* UIColor+Additions.swift */ = {isa = PBXFileReference; fileEncoding = 4; lastKnownFileType = sourcecode.swift; path = "UIColor+Additions.swift"; sourceTree = "<group>"; };
		33E874C425A03F81001F84FE /* CherishData.swift */ = {isa = PBXFileReference; lastKnownFileType = sourcecode.swift; path = CherishData.swift; sourceTree = "<group>"; };
		33EFF668259FA56B000467D5 /* DetailCVCell.swift */ = {isa = PBXFileReference; lastKnownFileType = sourcecode.swift; path = DetailCVCell.swift; sourceTree = "<group>"; };
		6829E282A1847279C28DD028 /* Pods-OverlayContainerPractice.debug.xcconfig */ = {isa = PBXFileReference; includeInIndex = 1; lastKnownFileType = text.xcconfig; name = "Pods-OverlayContainerPractice.debug.xcconfig"; path = "Target Support Files/Pods-OverlayContainerPractice/Pods-OverlayContainerPractice.debug.xcconfig"; sourceTree = "<group>"; };
		8939607C928611EFE437D209 /* Pods_OverlayContainerPractice.framework */ = {isa = PBXFileReference; explicitFileType = wrapper.framework; includeInIndex = 0; path = Pods_OverlayContainerPractice.framework; sourceTree = BUILT_PRODUCTS_DIR; };
		EA6C58253FCFF9CC3CC2BA71 /* Pods-OverlayContainerPractice.release.xcconfig */ = {isa = PBXFileReference; includeInIndex = 1; lastKnownFileType = text.xcconfig; name = "Pods-OverlayContainerPractice.release.xcconfig"; path = "Target Support Files/Pods-OverlayContainerPractice/Pods-OverlayContainerPractice.release.xcconfig"; sourceTree = "<group>"; };
/* End PBXFileReference section */

/* Begin PBXFrameworksBuildPhase section */
		33084602259F636600B4F156 /* Frameworks */ = {
			isa = PBXFrameworksBuildPhase;
			buildActionMask = 2147483647;
			files = (
				8CB71FFF441F4971EB575EED /* Pods_OverlayContainerPractice.framework in Frameworks */,
			);
			runOnlyForDeploymentPostprocessing = 0;
		};
/* End PBXFrameworksBuildPhase section */

/* Begin PBXGroup section */
		13F137A097E0984F5DE0CCB9 /* Pods */ = {
			isa = PBXGroup;
			children = (
				6829E282A1847279C28DD028 /* Pods-OverlayContainerPractice.debug.xcconfig */,
				EA6C58253FCFF9CC3CC2BA71 /* Pods-OverlayContainerPractice.release.xcconfig */,
			);
			path = Pods;
			sourceTree = "<group>";
		};
		330845FC259F636600B4F156 = {
			isa = PBXGroup;
			children = (
				33084607259F636600B4F156 /* OverlayContainerPractice */,
				33084606259F636600B4F156 /* Products */,
				13F137A097E0984F5DE0CCB9 /* Pods */,
				75B35955379DAFE23229F3B5 /* Frameworks */,
			);
			sourceTree = "<group>";
		};
		33084606259F636600B4F156 /* Products */ = {
			isa = PBXGroup;
			children = (
				33084605259F636600B4F156 /* OverlayContainerPractice.app */,
			);
			name = Products;
			sourceTree = "<group>";
		};
		33084607259F636600B4F156 /* OverlayContainerPractice */ = {
			isa = PBXGroup;
			children = (
				33084608259F636600B4F156 /* AppDelegate.swift */,
				3308460A259F636600B4F156 /* SceneDelegate.swift */,
				3308460C259F636600B4F156 /* ViewController.swift */,
				3308460E259F636600B4F156 /* Main.storyboard */,
				33084611259F636900B4F156 /* Assets.xcassets */,
				33084613259F636900B4F156 /* LaunchScreen.storyboard */,
				33084616259F636900B4F156 /* Info.plist */,
				33084620259F683C00B4F156 /* DetailVC.swift */,
				33084623259F692500B4F156 /* MainVC.swift */,
				33084626259F6D2800B4F156 /* BackdropVC.swift */,
				33EFF668259FA56B000467D5 /* DetailCVCell.swift */,
				33E874C125A03C98001F84FE /* UIColor+Additions.swift */,
				33E874C425A03F81001F84FE /* CherishData.swift */,
			);
			path = OverlayContainerPractice;
			sourceTree = "<group>";
		};
		75B35955379DAFE23229F3B5 /* Frameworks */ = {
			isa = PBXGroup;
			children = (
				8939607C928611EFE437D209 /* Pods_OverlayContainerPractice.framework */,
			);
			name = Frameworks;
			sourceTree = "<group>";
		};
/* End PBXGroup section */

/* Begin PBXNativeTarget section */
		33084604259F636600B4F156 /* OverlayContainerPractice */ = {
			isa = PBXNativeTarget;
			buildConfigurationList = 33084619259F636900B4F156 /* Build configuration list for PBXNativeTarget "OverlayContainerPractice" */;
			buildPhases = (
				97659844F61C53686EC97CF1 /* [CP] Check Pods Manifest.lock */,
				33084601259F636600B4F156 /* Sources */,
				33084602259F636600B4F156 /* Frameworks */,
				33084603259F636600B4F156 /* Resources */,
				2447D7ED0AA28C3A24D28583 /* [CP] Embed Pods Frameworks */,
			);
			buildRules = (
			);
			dependencies = (
			);
			name = OverlayContainerPractice;
			productName = OverlayContainerPractice;
			productReference = 33084605259F636600B4F156 /* OverlayContainerPractice.app */;
			productType = "com.apple.product-type.application";
		};
/* End PBXNativeTarget section */

/* Begin PBXProject section */
		330845FD259F636600B4F156 /* Project object */ = {
			isa = PBXProject;
			attributes = {
				LastSwiftUpdateCheck = 1230;
				LastUpgradeCheck = 1230;
				TargetAttributes = {
					33084604259F636600B4F156 = {
						CreatedOnToolsVersion = 12.3;
					};
				};
			};
			buildConfigurationList = 33084600259F636600B4F156 /* Build configuration list for PBXProject "OverlayContainerPractice" */;
			compatibilityVersion = "Xcode 9.3";
			developmentRegion = en;
			hasScannedForEncodings = 0;
			knownRegions = (
				en,
				Base,
			);
			mainGroup = 330845FC259F636600B4F156;
			productRefGroup = 33084606259F636600B4F156 /* Products */;
			projectDirPath = "";
			projectRoot = "";
			targets = (
				33084604259F636600B4F156 /* OverlayContainerPractice */,
			);
		};
/* End PBXProject section */

/* Begin PBXResourcesBuildPhase section */
		33084603259F636600B4F156 /* Resources */ = {
			isa = PBXResourcesBuildPhase;
			buildActionMask = 2147483647;
			files = (
				33084615259F636900B4F156 /* LaunchScreen.storyboard in Resources */,
				33084612259F636900B4F156 /* Assets.xcassets in Resources */,
				33084610259F636600B4F156 /* Main.storyboard in Resources */,
			);
			runOnlyForDeploymentPostprocessing = 0;
		};
/* End PBXResourcesBuildPhase section */

/* Begin PBXShellScriptBuildPhase section */
		2447D7ED0AA28C3A24D28583 /* [CP] Embed Pods Frameworks */ = {
			isa = PBXShellScriptBuildPhase;
			buildActionMask = 2147483647;
			files = (
			);
			inputFileListPaths = (
				"${PODS_ROOT}/Target Support Files/Pods-OverlayContainerPractice/Pods-OverlayContainerPractice-frameworks-${CONFIGURATION}-input-files.xcfilelist",
			);
			name = "[CP] Embed Pods Frameworks";
			outputFileListPaths = (
				"${PODS_ROOT}/Target Support Files/Pods-OverlayContainerPractice/Pods-OverlayContainerPractice-frameworks-${CONFIGURATION}-output-files.xcfilelist",
			);
			runOnlyForDeploymentPostprocessing = 0;
			shellPath = /bin/sh;
			shellScript = "\"${PODS_ROOT}/Target Support Files/Pods-OverlayContainerPractice/Pods-OverlayContainerPractice-frameworks.sh\"\n";
			showEnvVarsInLog = 0;
		};
		97659844F61C53686EC97CF1 /* [CP] Check Pods Manifest.lock */ = {
			isa = PBXShellScriptBuildPhase;
			buildActionMask = 2147483647;
			files = (
			);
			inputFileListPaths = (
			);
			inputPaths = (
				"${PODS_PODFILE_DIR_PATH}/Podfile.lock",
				"${PODS_ROOT}/Manifest.lock",
			);
			name = "[CP] Check Pods Manifest.lock";
			outputFileListPaths = (
			);
			outputPaths = (
				"$(DERIVED_FILE_DIR)/Pods-OverlayContainerPractice-checkManifestLockResult.txt",
			);
			runOnlyForDeploymentPostprocessing = 0;
			shellPath = /bin/sh;
			shellScript = "diff \"${PODS_PODFILE_DIR_PATH}/Podfile.lock\" \"${PODS_ROOT}/Manifest.lock\" > /dev/null\nif [ $? != 0 ] ; then\n    # print error to STDERR\n    echo \"error: The sandbox is not in sync with the Podfile.lock. Run 'pod install' or update your CocoaPods installation.\" >&2\n    exit 1\nfi\n# This output is used by Xcode 'outputs' to avoid re-running this script phase.\necho \"SUCCESS\" > \"${SCRIPT_OUTPUT_FILE_0}\"\n";
			showEnvVarsInLog = 0;
		};
/* End PBXShellScriptBuildPhase section */

/* Begin PBXSourcesBuildPhase section */
		33084601259F636600B4F156 /* Sources */ = {
			isa = PBXSourcesBuildPhase;
			buildActionMask = 2147483647;
			files = (
				33084627259F6D2800B4F156 /* BackdropVC.swift in Sources */,
				33E874C225A03C98001F84FE /* UIColor+Additions.swift in Sources */,
				3308460D259F636600B4F156 /* ViewController.swift in Sources */,
				33084624259F692500B4F156 /* MainVC.swift in Sources */,
				33084621259F683C00B4F156 /* DetailVC.swift in Sources */,
				33E874C525A03F81001F84FE /* CherishData.swift in Sources */,
				33084609259F636600B4F156 /* AppDelegate.swift in Sources */,
				33EFF669259FA56B000467D5 /* DetailCVCell.swift in Sources */,
				3308460B259F636600B4F156 /* SceneDelegate.swift in Sources */,
			);
			runOnlyForDeploymentPostprocessing = 0;
		};
/* End PBXSourcesBuildPhase section */

/* Begin PBXVariantGroup section */
		3308460E259F636600B4F156 /* Main.storyboard */ = {
			isa = PBXVariantGroup;
			children = (
				3308460F259F636600B4F156 /* Base */,
			);
			name = Main.storyboard;
			sourceTree = "<group>";
		};
		33084613259F636900B4F156 /* LaunchScreen.storyboard */ = {
			isa = PBXVariantGroup;
			children = (
				33084614259F636900B4F156 /* Base */,
			);
			name = LaunchScreen.storyboard;
			sourceTree = "<group>";
		};
/* End PBXVariantGroup section */

/* Begin XCBuildConfiguration section */
		33084617259F636900B4F156 /* Debug */ = {
			isa = XCBuildConfiguration;
			buildSettings = {
				ALWAYS_SEARCH_USER_PATHS = NO;
				CLANG_ANALYZER_NONNULL = YES;
				CLANG_ANALYZER_NUMBER_OBJECT_CONVERSION = YES_AGGRESSIVE;
				CLANG_CXX_LANGUAGE_STANDARD = "gnu++14";
				CLANG_CXX_LIBRARY = "libc++";
				CLANG_ENABLE_MODULES = YES;
				CLANG_ENABLE_OBJC_ARC = YES;
				CLANG_ENABLE_OBJC_WEAK = YES;
				CLANG_WARN_BLOCK_CAPTURE_AUTORELEASING = YES;
				CLANG_WARN_BOOL_CONVERSION = YES;
				CLANG_WARN_COMMA = YES;
				CLANG_WARN_CONSTANT_CONVERSION = YES;
				CLANG_WARN_DEPRECATED_OBJC_IMPLEMENTATIONS = YES;
				CLANG_WARN_DIRECT_OBJC_ISA_USAGE = YES_ERROR;
				CLANG_WARN_DOCUMENTATION_COMMENTS = YES;
				CLANG_WARN_EMPTY_BODY = YES;
				CLANG_WARN_ENUM_CONVERSION = YES;
				CLANG_WARN_INFINITE_RECURSION = YES;
				CLANG_WARN_INT_CONVERSION = YES;
				CLANG_WARN_NON_LITERAL_NULL_CONVERSION = YES;
				CLANG_WARN_OBJC_IMPLICIT_RETAIN_SELF = YES;
				CLANG_WARN_OBJC_LITERAL_CONVERSION = YES;
				CLANG_WARN_OBJC_ROOT_CLASS = YES_ERROR;
				CLANG_WARN_QUOTED_INCLUDE_IN_FRAMEWORK_HEADER = YES;
				CLANG_WARN_RANGE_LOOP_ANALYSIS = YES;
				CLANG_WARN_STRICT_PROTOTYPES = YES;
				CLANG_WARN_SUSPICIOUS_MOVE = YES;
				CLANG_WARN_UNGUARDED_AVAILABILITY = YES_AGGRESSIVE;
				CLANG_WARN_UNREACHABLE_CODE = YES;
				CLANG_WARN__DUPLICATE_METHOD_MATCH = YES;
				COPY_PHASE_STRIP = NO;
				DEBUG_INFORMATION_FORMAT = dwarf;
				ENABLE_STRICT_OBJC_MSGSEND = YES;
				ENABLE_TESTABILITY = YES;
				GCC_C_LANGUAGE_STANDARD = gnu11;
				GCC_DYNAMIC_NO_PIC = NO;
				GCC_NO_COMMON_BLOCKS = YES;
				GCC_OPTIMIZATION_LEVEL = 0;
				GCC_PREPROCESSOR_DEFINITIONS = (
					"DEBUG=1",
					"$(inherited)",
				);
				GCC_WARN_64_TO_32_BIT_CONVERSION = YES;
				GCC_WARN_ABOUT_RETURN_TYPE = YES_ERROR;
				GCC_WARN_UNDECLARED_SELECTOR = YES;
				GCC_WARN_UNINITIALIZED_AUTOS = YES_AGGRESSIVE;
				GCC_WARN_UNUSED_FUNCTION = YES;
				GCC_WARN_UNUSED_VARIABLE = YES;
				IPHONEOS_DEPLOYMENT_TARGET = 14.3;
				MTL_ENABLE_DEBUG_INFO = INCLUDE_SOURCE;
				MTL_FAST_MATH = YES;
				ONLY_ACTIVE_ARCH = YES;
				SDKROOT = iphoneos;
				SWIFT_ACTIVE_COMPILATION_CONDITIONS = DEBUG;
				SWIFT_OPTIMIZATION_LEVEL = "-Onone";
			};
			name = Debug;
		};
		33084618259F636900B4F156 /* Release */ = {
			isa = XCBuildConfiguration;
			buildSettings = {
				ALWAYS_SEARCH_USER_PATHS = NO;
				CLANG_ANALYZER_NONNULL = YES;
				CLANG_ANALYZER_NUMBER_OBJECT_CONVERSION = YES_AGGRESSIVE;
				CLANG_CXX_LANGUAGE_STANDARD = "gnu++14";
				CLANG_CXX_LIBRARY = "libc++";
				CLANG_ENABLE_MODULES = YES;
				CLANG_ENABLE_OBJC_ARC = YES;
				CLANG_ENABLE_OBJC_WEAK = YES;
				CLANG_WARN_BLOCK_CAPTURE_AUTORELEASING = YES;
				CLANG_WARN_BOOL_CONVERSION = YES;
				CLANG_WARN_COMMA = YES;
				CLANG_WARN_CONSTANT_CONVERSION = YES;
				CLANG_WARN_DEPRECATED_OBJC_IMPLEMENTATIONS = YES;
				CLANG_WARN_DIRECT_OBJC_ISA_USAGE = YES_ERROR;
				CLANG_WARN_DOCUMENTATION_COMMENTS = YES;
				CLANG_WARN_EMPTY_BODY = YES;
				CLANG_WARN_ENUM_CONVERSION = YES;
				CLANG_WARN_INFINITE_RECURSION = YES;
				CLANG_WARN_INT_CONVERSION = YES;
				CLANG_WARN_NON_LITERAL_NULL_CONVERSION = YES;
				CLANG_WARN_OBJC_IMPLICIT_RETAIN_SELF = YES;
				CLANG_WARN_OBJC_LITERAL_CONVERSION = YES;
				CLANG_WARN_OBJC_ROOT_CLASS = YES_ERROR;
				CLANG_WARN_QUOTED_INCLUDE_IN_FRAMEWORK_HEADER = YES;
				CLANG_WARN_RANGE_LOOP_ANALYSIS = YES;
				CLANG_WARN_STRICT_PROTOTYPES = YES;
				CLANG_WARN_SUSPICIOUS_MOVE = YES;
				CLANG_WARN_UNGUARDED_AVAILABILITY = YES_AGGRESSIVE;
				CLANG_WARN_UNREACHABLE_CODE = YES;
				CLANG_WARN__DUPLICATE_METHOD_MATCH = YES;
				COPY_PHASE_STRIP = NO;
				DEBUG_INFORMATION_FORMAT = "dwarf-with-dsym";
				ENABLE_NS_ASSERTIONS = NO;
				ENABLE_STRICT_OBJC_MSGSEND = YES;
				GCC_C_LANGUAGE_STANDARD = gnu11;
				GCC_NO_COMMON_BLOCKS = YES;
				GCC_WARN_64_TO_32_BIT_CONVERSION = YES;
				GCC_WARN_ABOUT_RETURN_TYPE = YES_ERROR;
				GCC_WARN_UNDECLARED_SELECTOR = YES;
				GCC_WARN_UNINITIALIZED_AUTOS = YES_AGGRESSIVE;
				GCC_WARN_UNUSED_FUNCTION = YES;
				GCC_WARN_UNUSED_VARIABLE = YES;
				IPHONEOS_DEPLOYMENT_TARGET = 14.3;
				MTL_ENABLE_DEBUG_INFO = NO;
				MTL_FAST_MATH = YES;
				SDKROOT = iphoneos;
				SWIFT_COMPILATION_MODE = wholemodule;
				SWIFT_OPTIMIZATION_LEVEL = "-O";
				VALIDATE_PRODUCT = YES;
			};
			name = Release;
		};
		3308461A259F636900B4F156 /* Debug */ = {
			isa = XCBuildConfiguration;
			baseConfigurationReference = 6829E282A1847279C28DD028 /* Pods-OverlayContainerPractice.debug.xcconfig */;
			buildSettings = {
				ASSETCATALOG_COMPILER_APPICON_NAME = AppIcon;
				ASSETCATALOG_COMPILER_GLOBAL_ACCENT_COLOR_NAME = AccentColor;
				CODE_SIGN_STYLE = Automatic;
				INFOPLIST_FILE = OverlayContainerPractice/Info.plist;
				LD_RUNPATH_SEARCH_PATHS = (
					"$(inherited)",
					"@executable_path/Frameworks",
				);
				PRODUCT_BUNDLE_IDENTIFIER = com.iOS.Cherish.OverlayContainerPractice;
				PRODUCT_NAME = "$(TARGET_NAME)";
				SWIFT_VERSION = 5.0;
				TARGETED_DEVICE_FAMILY = "1,2";
			};
			name = Debug;
		};
		3308461B259F636900B4F156 /* Release */ = {
			isa = XCBuildConfiguration;
			baseConfigurationReference = EA6C58253FCFF9CC3CC2BA71 /* Pods-OverlayContainerPractice.release.xcconfig */;
			buildSettings = {
				ASSETCATALOG_COMPILER_APPICON_NAME = AppIcon;
				ASSETCATALOG_COMPILER_GLOBAL_ACCENT_COLOR_NAME = AccentColor;
				CODE_SIGN_STYLE = Automatic;
				INFOPLIST_FILE = OverlayContainerPractice/Info.plist;
				LD_RUNPATH_SEARCH_PATHS = (
					"$(inherited)",
					"@executable_path/Frameworks",
				);
				PRODUCT_BUNDLE_IDENTIFIER = com.iOS.Cherish.OverlayContainerPractice;
				PRODUCT_NAME = "$(TARGET_NAME)";
				SWIFT_VERSION = 5.0;
				TARGETED_DEVICE_FAMILY = "1,2";
			};
			name = Release;
		};
/* End XCBuildConfiguration section */

/* Begin XCConfigurationList section */
		33084600259F636600B4F156 /* Build configuration list for PBXProject "OverlayContainerPractice" */ = {
			isa = XCConfigurationList;
			buildConfigurations = (
				33084617259F636900B4F156 /* Debug */,
				33084618259F636900B4F156 /* Release */,
			);
			defaultConfigurationIsVisible = 0;
			defaultConfigurationName = Release;
		};
		33084619259F636900B4F156 /* Build configuration list for PBXNativeTarget "OverlayContainerPractice" */ = {
			isa = XCConfigurationList;
			buildConfigurations = (
				3308461A259F636900B4F156 /* Debug */,
				3308461B259F636900B4F156 /* Release */,
			);
			defaultConfigurationIsVisible = 0;
			defaultConfigurationName = Release;
		};
/* End XCConfigurationList section */
	};
	rootObject = 330845FD259F636600B4F156 /* Project object */;
}
