// !$*UTF8*$!
{
	archiveVersion = 1;
	classes = {
	};
	objectVersion = 50;
	objects = {

/* Begin PBXBuildFile section */
		33069B40248A45B200B5E113 /* AppDelegate.swift in Sources */ = {isa = PBXBuildFile; fileRef = 33069B3F248A45B200B5E113 /* AppDelegate.swift */; };
		33069B42248A45B200B5E113 /* SceneDelegate.swift in Sources */ = {isa = PBXBuildFile; fileRef = 33069B41248A45B200B5E113 /* SceneDelegate.swift */; };
		33069B44248A45B200B5E113 /* ViewController.swift in Sources */ = {isa = PBXBuildFile; fileRef = 33069B43248A45B200B5E113 /* ViewController.swift */; };
		33069B47248A45B200B5E113 /* Main.storyboard in Resources */ = {isa = PBXBuildFile; fileRef = 33069B45248A45B200B5E113 /* Main.storyboard */; };
		33069B49248A45B400B5E113 /* Assets.xcassets in Resources */ = {isa = PBXBuildFile; fileRef = 33069B48248A45B400B5E113 /* Assets.xcassets */; };
		33069B4C248A45B400B5E113 /* LaunchScreen.storyboard in Resources */ = {isa = PBXBuildFile; fileRef = 33069B4A248A45B400B5E113 /* LaunchScreen.storyboard */; };
		33069B55248A4BC600B5E113 /* Slide.xib in Resources */ = {isa = PBXBuildFile; fileRef = 33069B54248A4BC600B5E113 /* Slide.xib */; };
		33069B57248A4BE700B5E113 /* Slide.swift in Sources */ = {isa = PBXBuildFile; fileRef = 33069B56248A4BE700B5E113 /* Slide.swift */; };
/* End PBXBuildFile section */

/* Begin PBXFileReference section */
		33069B3C248A45B200B5E113 /* OnboardingExample.app */ = {isa = PBXFileReference; explicitFileType = wrapper.application; includeInIndex = 0; path = OnboardingExample.app; sourceTree = BUILT_PRODUCTS_DIR; };
		33069B3F248A45B200B5E113 /* AppDelegate.swift */ = {isa = PBXFileReference; lastKnownFileType = sourcecode.swift; path = AppDelegate.swift; sourceTree = "<group>"; };
		33069B41248A45B200B5E113 /* SceneDelegate.swift */ = {isa = PBXFileReference; lastKnownFileType = sourcecode.swift; path = SceneDelegate.swift; sourceTree = "<group>"; };
		33069B43248A45B200B5E113 /* ViewController.swift */ = {isa = PBXFileReference; lastKnownFileType = sourcecode.swift; path = ViewController.swift; sourceTree = "<group>"; };
		33069B46248A45B200B5E113 /* Base */ = {isa = PBXFileReference; lastKnownFileType = file.storyboard; name = Base; path = Base.lproj/Main.storyboard; sourceTree = "<group>"; };
		33069B48248A45B400B5E113 /* Assets.xcassets */ = {isa = PBXFileReference; lastKnownFileType = folder.assetcatalog; path = Assets.xcassets; sourceTree = "<group>"; };
		33069B4B248A45B400B5E113 /* Base */ = {isa = PBXFileReference; lastKnownFileType = file.storyboard; name = Base; path = Base.lproj/LaunchScreen.storyboard; sourceTree = "<group>"; };
		33069B4D248A45B400B5E113 /* Info.plist */ = {isa = PBXFileReference; lastKnownFileType = text.plist.xml; path = Info.plist; sourceTree = "<group>"; };
		33069B54248A4BC600B5E113 /* Slide.xib */ = {isa = PBXFileReference; lastKnownFileType = file.xib; path = Slide.xib; sourceTree = "<group>"; };
		33069B56248A4BE700B5E113 /* Slide.swift */ = {isa = PBXFileReference; lastKnownFileType = sourcecode.swift; path = Slide.swift; sourceTree = "<group>"; };
/* End PBXFileReference section */

/* Begin PBXFrameworksBuildPhase section */
		33069B39248A45B200B5E113 /* Frameworks */ = {
			isa = PBXFrameworksBuildPhase;
			buildActionMask = 2147483647;
			files = (
			);
			runOnlyForDeploymentPostprocessing = 0;
		};
/* End PBXFrameworksBuildPhase section */

/* Begin PBXGroup section */
		33069B33248A45B200B5E113 = {
			isa = PBXGroup;
			children = (
				33069B3E248A45B200B5E113 /* OnboardingExample */,
				33069B3D248A45B200B5E113 /* Products */,
			);
			sourceTree = "<group>";
		};
		33069B3D248A45B200B5E113 /* Products */ = {
			isa = PBXGroup;
			children = (
				33069B3C248A45B200B5E113 /* OnboardingExample.app */,
			);
			name = Products;
			sourceTree = "<group>";
		};
		33069B3E248A45B200B5E113 /* OnboardingExample */ = {
			isa = PBXGroup;
			children = (
				33069B53248A4BA500B5E113 /* views */,
				33069B3F248A45B200B5E113 /* AppDelegate.swift */,
				33069B41248A45B200B5E113 /* SceneDelegate.swift */,
				33069B43248A45B200B5E113 /* ViewController.swift */,
				33069B45248A45B200B5E113 /* Main.storyboard */,
				33069B48248A45B400B5E113 /* Assets.xcassets */,
				33069B4A248A45B400B5E113 /* LaunchScreen.storyboard */,
				33069B4D248A45B400B5E113 /* Info.plist */,
			);
			path = OnboardingExample;
			sourceTree = "<group>";
		};
		33069B53248A4BA500B5E113 /* views */ = {
			isa = PBXGroup;
			children = (
				33069B54248A4BC600B5E113 /* Slide.xib */,
				33069B56248A4BE700B5E113 /* Slide.swift */,
			);
			path = views;
			sourceTree = "<group>";
		};
/* End PBXGroup section */

/* Begin PBXNativeTarget section */
		33069B3B248A45B200B5E113 /* OnboardingExample */ = {
			isa = PBXNativeTarget;
			buildConfigurationList = 33069B50248A45B400B5E113 /* Build configuration list for PBXNativeTarget "OnboardingExample" */;
			buildPhases = (
				33069B38248A45B200B5E113 /* Sources */,
				33069B39248A45B200B5E113 /* Frameworks */,
				33069B3A248A45B200B5E113 /* Resources */,
			);
			buildRules = (
			);
			dependencies = (
			);
			name = OnboardingExample;
			productName = OnboardingExample;
			productReference = 33069B3C248A45B200B5E113 /* OnboardingExample.app */;
			productType = "com.apple.product-type.application";
		};
/* End PBXNativeTarget section */

/* Begin PBXProject section */
		33069B34248A45B200B5E113 /* Project object */ = {
			isa = PBXProject;
			attributes = {
				LastSwiftUpdateCheck = 1150;
				LastUpgradeCheck = 1150;
				ORGANIZATIONNAME = "황지은";
				TargetAttributes = {
					33069B3B248A45B200B5E113 = {
						CreatedOnToolsVersion = 11.5;
					};
				};
			};
			buildConfigurationList = 33069B37248A45B200B5E113 /* Build configuration list for PBXProject "OnboardingExample" */;
			compatibilityVersion = "Xcode 9.3";
			developmentRegion = en;
			hasScannedForEncodings = 0;
			knownRegions = (
				en,
				Base,
			);
			mainGroup = 33069B33248A45B200B5E113;
			productRefGroup = 33069B3D248A45B200B5E113 /* Products */;
			projectDirPath = "";
			projectRoot = "";
			targets = (
				33069B3B248A45B200B5E113 /* OnboardingExample */,
			);
		};
/* End PBXProject section */

/* Begin PBXResourcesBuildPhase section */
		33069B3A248A45B200B5E113 /* Resources */ = {
			isa = PBXResourcesBuildPhase;
			buildActionMask = 2147483647;
			files = (
				33069B4C248A45B400B5E113 /* LaunchScreen.storyboard in Resources */,
				33069B49248A45B400B5E113 /* Assets.xcassets in Resources */,
				33069B47248A45B200B5E113 /* Main.storyboard in Resources */,
				33069B55248A4BC600B5E113 /* Slide.xib in Resources */,
			);
			runOnlyForDeploymentPostprocessing = 0;
		};
/* End PBXResourcesBuildPhase section */

/* Begin PBXSourcesBuildPhase section */
		33069B38248A45B200B5E113 /* Sources */ = {
			isa = PBXSourcesBuildPhase;
			buildActionMask = 2147483647;
			files = (
				33069B44248A45B200B5E113 /* ViewController.swift in Sources */,
				33069B40248A45B200B5E113 /* AppDelegate.swift in Sources */,
				33069B42248A45B200B5E113 /* SceneDelegate.swift in Sources */,
				33069B57248A4BE700B5E113 /* Slide.swift in Sources */,
			);
			runOnlyForDeploymentPostprocessing = 0;
		};
/* End PBXSourcesBuildPhase section */

/* Begin PBXVariantGroup section */
		33069B45248A45B200B5E113 /* Main.storyboard */ = {
			isa = PBXVariantGroup;
			children = (
				33069B46248A45B200B5E113 /* Base */,
			);
			name = Main.storyboard;
			sourceTree = "<group>";
		};
		33069B4A248A45B400B5E113 /* LaunchScreen.storyboard */ = {
			isa = PBXVariantGroup;
			children = (
				33069B4B248A45B400B5E113 /* Base */,
			);
			name = LaunchScreen.storyboard;
			sourceTree = "<group>";
		};
/* End PBXVariantGroup section */

/* Begin XCBuildConfiguration section */
		33069B4E248A45B400B5E113 /* Debug */ = {
			isa = XCBuildConfiguration;
			buildSettings = {
				ALWAYS_SEARCH_USER_PATHS = NO;
				CLANG_ANALYZER_NONNULL = YES;
				CLANG_ANALYZER_NUMBER_OBJECT_CONVERSION = YES_AGGRESSIVE;
				CLANG_CXX_LANGUAGE_STANDARD = "gnu++14";
				CLANG_CXX_LIBRARY = "libc++";
				CLANG_ENABLE_MODULES = YES;
				CLANG_ENABLE_OBJC_ARC = YES;
				CLANG_ENABLE_OBJC_WEAK = YES;
				CLANG_WARN_BLOCK_CAPTURE_AUTORELEASING = YES;
				CLANG_WARN_BOOL_CONVERSION = YES;
				CLANG_WARN_COMMA = YES;
				CLANG_WARN_CONSTANT_CONVERSION = YES;
				CLANG_WARN_DEPRECATED_OBJC_IMPLEMENTATIONS = YES;
				CLANG_WARN_DIRECT_OBJC_ISA_USAGE = YES_ERROR;
				CLANG_WARN_DOCUMENTATION_COMMENTS = YES;
				CLANG_WARN_EMPTY_BODY = YES;
				CLANG_WARN_ENUM_CONVERSION = YES;
				CLANG_WARN_INFINITE_RECURSION = YES;
				CLANG_WARN_INT_CONVERSION = YES;
				CLANG_WARN_NON_LITERAL_NULL_CONVERSION = YES;
				CLANG_WARN_OBJC_IMPLICIT_RETAIN_SELF = YES;
				CLANG_WARN_OBJC_LITERAL_CONVERSION = YES;
				CLANG_WARN_OBJC_ROOT_CLASS = YES_ERROR;
				CLANG_WARN_RANGE_LOOP_ANALYSIS = YES;
				CLANG_WARN_STRICT_PROTOTYPES = YES;
				CLANG_WARN_SUSPICIOUS_MOVE = YES;
				CLANG_WARN_UNGUARDED_AVAILABILITY = YES_AGGRESSIVE;
				CLANG_WARN_UNREACHABLE_CODE = YES;
				CLANG_WARN__DUPLICATE_METHOD_MATCH = YES;
				COPY_PHASE_STRIP = NO;
				DEBUG_INFORMATION_FORMAT = dwarf;
				ENABLE_STRICT_OBJC_MSGSEND = YES;
				ENABLE_TESTABILITY = YES;
				GCC_C_LANGUAGE_STANDARD = gnu11;
				GCC_DYNAMIC_NO_PIC = NO;
				GCC_NO_COMMON_BLOCKS = YES;
				GCC_OPTIMIZATION_LEVEL = 0;
				GCC_PREPROCESSOR_DEFINITIONS = (
					"DEBUG=1",
					"$(inherited)",
				);
				GCC_WARN_64_TO_32_BIT_CONVERSION = YES;
				GCC_WARN_ABOUT_RETURN_TYPE = YES_ERROR;
				GCC_WARN_UNDECLARED_SELECTOR = YES;
				GCC_WARN_UNINITIALIZED_AUTOS = YES_AGGRESSIVE;
				GCC_WARN_UNUSED_FUNCTION = YES;
				GCC_WARN_UNUSED_VARIABLE = YES;
				IPHONEOS_DEPLOYMENT_TARGET = 13.5;
				MTL_ENABLE_DEBUG_INFO = INCLUDE_SOURCE;
				MTL_FAST_MATH = YES;
				ONLY_ACTIVE_ARCH = YES;
				SDKROOT = iphoneos;
				SWIFT_ACTIVE_COMPILATION_CONDITIONS = DEBUG;
				SWIFT_OPTIMIZATION_LEVEL = "-Onone";
			};
			name = Debug;
		};
		33069B4F248A45B400B5E113 /* Release */ = {
			isa = XCBuildConfiguration;
			buildSettings = {
				ALWAYS_SEARCH_USER_PATHS = NO;
				CLANG_ANALYZER_NONNULL = YES;
				CLANG_ANALYZER_NUMBER_OBJECT_CONVERSION = YES_AGGRESSIVE;
				CLANG_CXX_LANGUAGE_STANDARD = "gnu++14";
				CLANG_CXX_LIBRARY = "libc++";
				CLANG_ENABLE_MODULES = YES;
				CLANG_ENABLE_OBJC_ARC = YES;
				CLANG_ENABLE_OBJC_WEAK = YES;
				CLANG_WARN_BLOCK_CAPTURE_AUTORELEASING = YES;
				CLANG_WARN_BOOL_CONVERSION = YES;
				CLANG_WARN_COMMA = YES;
				CLANG_WARN_CONSTANT_CONVERSION = YES;
				CLANG_WARN_DEPRECATED_OBJC_IMPLEMENTATIONS = YES;
				CLANG_WARN_DIRECT_OBJC_ISA_USAGE = YES_ERROR;
				CLANG_WARN_DOCUMENTATION_COMMENTS = YES;
				CLANG_WARN_EMPTY_BODY = YES;
				CLANG_WARN_ENUM_CONVERSION = YES;
				CLANG_WARN_INFINITE_RECURSION = YES;
				CLANG_WARN_INT_CONVERSION = YES;
				CLANG_WARN_NON_LITERAL_NULL_CONVERSION = YES;
				CLANG_WARN_OBJC_IMPLICIT_RETAIN_SELF = YES;
				CLANG_WARN_OBJC_LITERAL_CONVERSION = YES;
				CLANG_WARN_OBJC_ROOT_CLASS = YES_ERROR;
				CLANG_WARN_RANGE_LOOP_ANALYSIS = YES;
				CLANG_WARN_STRICT_PROTOTYPES = YES;
				CLANG_WARN_SUSPICIOUS_MOVE = YES;
				CLANG_WARN_UNGUARDED_AVAILABILITY = YES_AGGRESSIVE;
				CLANG_WARN_UNREACHABLE_CODE = YES;
				CLANG_WARN__DUPLICATE_METHOD_MATCH = YES;
				COPY_PHASE_STRIP = NO;
				DEBUG_INFORMATION_FORMAT = "dwarf-with-dsym";
				ENABLE_NS_ASSERTIONS = NO;
				ENABLE_STRICT_OBJC_MSGSEND = YES;
				GCC_C_LANGUAGE_STANDARD = gnu11;
				GCC_NO_COMMON_BLOCKS = YES;
				GCC_WARN_64_TO_32_BIT_CONVERSION = YES;
				GCC_WARN_ABOUT_RETURN_TYPE = YES_ERROR;
				GCC_WARN_UNDECLARED_SELECTOR = YES;
				GCC_WARN_UNINITIALIZED_AUTOS = YES_AGGRESSIVE;
				GCC_WARN_UNUSED_FUNCTION = YES;
				GCC_WARN_UNUSED_VARIABLE = YES;
				IPHONEOS_DEPLOYMENT_TARGET = 13.5;
				MTL_ENABLE_DEBUG_INFO = NO;
				MTL_FAST_MATH = YES;
				SDKROOT = iphoneos;
				SWIFT_COMPILATION_MODE = wholemodule;
				SWIFT_OPTIMIZATION_LEVEL = "-O";
				VALIDATE_PRODUCT = YES;
			};
			name = Release;
		};
		33069B51248A45B400B5E113 /* Debug */ = {
			isa = XCBuildConfiguration;
			buildSettings = {
				ASSETCATALOG_COMPILER_APPICON_NAME = AppIcon;
				CODE_SIGN_STYLE = Automatic;
				INFOPLIST_FILE = OnboardingExample/Info.plist;
				LD_RUNPATH_SEARCH_PATHS = (
					"$(inherited)",
					"@executable_path/Frameworks",
				);
				PRODUCT_BUNDLE_IDENTIFIER = swu.iOS.hwangji.OnboardingExample;
				PRODUCT_NAME = "$(TARGET_NAME)";
				SWIFT_VERSION = 5.0;
				TARGETED_DEVICE_FAMILY = "1,2";
			};
			name = Debug;
		};
		33069B52248A45B400B5E113 /* Release */ = {
			isa = XCBuildConfiguration;
			buildSettings = {
				ASSETCATALOG_COMPILER_APPICON_NAME = AppIcon;
				CODE_SIGN_STYLE = Automatic;
				INFOPLIST_FILE = OnboardingExample/Info.plist;
				LD_RUNPATH_SEARCH_PATHS = (
					"$(inherited)",
					"@executable_path/Frameworks",
				);
				PRODUCT_BUNDLE_IDENTIFIER = swu.iOS.hwangji.OnboardingExample;
				PRODUCT_NAME = "$(TARGET_NAME)";
				SWIFT_VERSION = 5.0;
				TARGETED_DEVICE_FAMILY = "1,2";
			};
			name = Release;
		};
/* End XCBuildConfiguration section */

/* Begin XCConfigurationList section */
		33069B37248A45B200B5E113 /* Build configuration list for PBXProject "OnboardingExample" */ = {
			isa = XCConfigurationList;
			buildConfigurations = (
				33069B4E248A45B400B5E113 /* Debug */,
				33069B4F248A45B400B5E113 /* Release */,
			);
			defaultConfigurationIsVisible = 0;
			defaultConfigurationName = Release;
		};
		33069B50248A45B400B5E113 /* Build configuration list for PBXNativeTarget "OnboardingExample" */ = {
			isa = XCConfigurationList;
			buildConfigurations = (
				33069B51248A45B400B5E113 /* Debug */,
				33069B52248A45B400B5E113 /* Release */,
			);
			defaultConfigurationIsVisible = 0;
			defaultConfigurationName = Release;
		};
/* End XCConfigurationList section */
	};
	rootObject = 33069B34248A45B200B5E113 /* Project object */;
}
