// !$*UTF8*$!
{
	archiveVersion = 1;
	classes = {
	};
	objectVersion = 50;
	objects = {

/* Begin PBXBuildFile section */
		2D9F4ECAA1AF77D025DB27F1 /* Pods_calendarPractice.framework in Frameworks */ = {isa = PBXBuildFile; fileRef = A79920511CBA2D652225738E /* Pods_calendarPractice.framework */; };
		33D946FD24AF184000B6AF18 /* AppDelegate.swift in Sources */ = {isa = PBXBuildFile; fileRef = 33D946FC24AF184000B6AF18 /* AppDelegate.swift */; };
		33D946FF24AF184000B6AF18 /* SceneDelegate.swift in Sources */ = {isa = PBXBuildFile; fileRef = 33D946FE24AF184000B6AF18 /* SceneDelegate.swift */; };
		33D9470124AF184000B6AF18 /* ViewController.swift in Sources */ = {isa = PBXBuildFile; fileRef = 33D9470024AF184000B6AF18 /* ViewController.swift */; };
		33D9470424AF184000B6AF18 /* Main.storyboard in Resources */ = {isa = PBXBuildFile; fileRef = 33D9470224AF184000B6AF18 /* Main.storyboard */; };
		33D9470724AF184000B6AF18 /* calendarPractice.xcdatamodeld in Sources */ = {isa = PBXBuildFile; fileRef = 33D9470524AF184000B6AF18 /* calendarPractice.xcdatamodeld */; };
		33D9470924AF184300B6AF18 /* Assets.xcassets in Resources */ = {isa = PBXBuildFile; fileRef = 33D9470824AF184300B6AF18 /* Assets.xcassets */; };
		33D9470C24AF184300B6AF18 /* LaunchScreen.storyboard in Resources */ = {isa = PBXBuildFile; fileRef = 33D9470A24AF184300B6AF18 /* LaunchScreen.storyboard */; };
/* End PBXBuildFile section */

/* Begin PBXFileReference section */
		2E7B59ED812FC04D45790209 /* Pods-calendarPractice.debug.xcconfig */ = {isa = PBXFileReference; includeInIndex = 1; lastKnownFileType = text.xcconfig; name = "Pods-calendarPractice.debug.xcconfig"; path = "Target Support Files/Pods-calendarPractice/Pods-calendarPractice.debug.xcconfig"; sourceTree = "<group>"; };
		33D946F924AF184000B6AF18 /* calendarPractice.app */ = {isa = PBXFileReference; explicitFileType = wrapper.application; includeInIndex = 0; path = calendarPractice.app; sourceTree = BUILT_PRODUCTS_DIR; };
		33D946FC24AF184000B6AF18 /* AppDelegate.swift */ = {isa = PBXFileReference; lastKnownFileType = sourcecode.swift; path = AppDelegate.swift; sourceTree = "<group>"; };
		33D946FE24AF184000B6AF18 /* SceneDelegate.swift */ = {isa = PBXFileReference; lastKnownFileType = sourcecode.swift; path = SceneDelegate.swift; sourceTree = "<group>"; };
		33D9470024AF184000B6AF18 /* ViewController.swift */ = {isa = PBXFileReference; lastKnownFileType = sourcecode.swift; path = ViewController.swift; sourceTree = "<group>"; };
		33D9470324AF184000B6AF18 /* Base */ = {isa = PBXFileReference; lastKnownFileType = file.storyboard; name = Base; path = Base.lproj/Main.storyboard; sourceTree = "<group>"; };
		33D9470624AF184000B6AF18 /* calendarPractice.xcdatamodel */ = {isa = PBXFileReference; lastKnownFileType = wrapper.xcdatamodel; path = calendarPractice.xcdatamodel; sourceTree = "<group>"; };
		33D9470824AF184300B6AF18 /* Assets.xcassets */ = {isa = PBXFileReference; lastKnownFileType = folder.assetcatalog; path = Assets.xcassets; sourceTree = "<group>"; };
		33D9470B24AF184300B6AF18 /* Base */ = {isa = PBXFileReference; lastKnownFileType = file.storyboard; name = Base; path = Base.lproj/LaunchScreen.storyboard; sourceTree = "<group>"; };
		33D9470D24AF184300B6AF18 /* Info.plist */ = {isa = PBXFileReference; lastKnownFileType = text.plist.xml; path = Info.plist; sourceTree = "<group>"; };
		A79920511CBA2D652225738E /* Pods_calendarPractice.framework */ = {isa = PBXFileReference; explicitFileType = wrapper.framework; includeInIndex = 0; path = Pods_calendarPractice.framework; sourceTree = BUILT_PRODUCTS_DIR; };
		FD3364AFEDBD6ADCF90D2443 /* Pods-calendarPractice.release.xcconfig */ = {isa = PBXFileReference; includeInIndex = 1; lastKnownFileType = text.xcconfig; name = "Pods-calendarPractice.release.xcconfig"; path = "Target Support Files/Pods-calendarPractice/Pods-calendarPractice.release.xcconfig"; sourceTree = "<group>"; };
/* End PBXFileReference section */

/* Begin PBXFrameworksBuildPhase section */
		33D946F624AF184000B6AF18 /* Frameworks */ = {
			isa = PBXFrameworksBuildPhase;
			buildActionMask = 2147483647;
			files = (
				2D9F4ECAA1AF77D025DB27F1 /* Pods_calendarPractice.framework in Frameworks */,
			);
			runOnlyForDeploymentPostprocessing = 0;
		};
/* End PBXFrameworksBuildPhase section */

/* Begin PBXGroup section */
		33D946F024AF184000B6AF18 = {
			isa = PBXGroup;
			children = (
				33D946FB24AF184000B6AF18 /* calendarPractice */,
				33D946FA24AF184000B6AF18 /* Products */,
				83E0206D7045148CB164277B /* Pods */,
				7AE2A870DB91ECF50C3E21E0 /* Frameworks */,
			);
			sourceTree = "<group>";
		};
		33D946FA24AF184000B6AF18 /* Products */ = {
			isa = PBXGroup;
			children = (
				33D946F924AF184000B6AF18 /* calendarPractice.app */,
			);
			name = Products;
			sourceTree = "<group>";
		};
		33D946FB24AF184000B6AF18 /* calendarPractice */ = {
			isa = PBXGroup;
			children = (
				33D946FC24AF184000B6AF18 /* AppDelegate.swift */,
				33D946FE24AF184000B6AF18 /* SceneDelegate.swift */,
				33D9470024AF184000B6AF18 /* ViewController.swift */,
				33D9470224AF184000B6AF18 /* Main.storyboard */,
				33D9470824AF184300B6AF18 /* Assets.xcassets */,
				33D9470A24AF184300B6AF18 /* LaunchScreen.storyboard */,
				33D9470D24AF184300B6AF18 /* Info.plist */,
				33D9470524AF184000B6AF18 /* calendarPractice.xcdatamodeld */,
			);
			path = calendarPractice;
			sourceTree = "<group>";
		};
		7AE2A870DB91ECF50C3E21E0 /* Frameworks */ = {
			isa = PBXGroup;
			children = (
				A79920511CBA2D652225738E /* Pods_calendarPractice.framework */,
			);
			name = Frameworks;
			sourceTree = "<group>";
		};
		83E0206D7045148CB164277B /* Pods */ = {
			isa = PBXGroup;
			children = (
				2E7B59ED812FC04D45790209 /* Pods-calendarPractice.debug.xcconfig */,
				FD3364AFEDBD6ADCF90D2443 /* Pods-calendarPractice.release.xcconfig */,
			);
			name = Pods;
			path = Pods;
			sourceTree = "<group>";
		};
/* End PBXGroup section */

/* Begin PBXNativeTarget section */
		33D946F824AF184000B6AF18 /* calendarPractice */ = {
			isa = PBXNativeTarget;
			buildConfigurationList = 33D9471024AF184300B6AF18 /* Build configuration list for PBXNativeTarget "calendarPractice" */;
			buildPhases = (
				A03023790FC5C8CC8E26AC68 /* [CP] Check Pods Manifest.lock */,
				33D946F524AF184000B6AF18 /* Sources */,
				33D946F624AF184000B6AF18 /* Frameworks */,
				33D946F724AF184000B6AF18 /* Resources */,
				3F8CFB372C6B8E795488FE3B /* [CP] Embed Pods Frameworks */,
			);
			buildRules = (
			);
			dependencies = (
			);
			name = calendarPractice;
			productName = calendarPractice;
			productReference = 33D946F924AF184000B6AF18 /* calendarPractice.app */;
			productType = "com.apple.product-type.application";
		};
/* End PBXNativeTarget section */

/* Begin PBXProject section */
		33D946F124AF184000B6AF18 /* Project object */ = {
			isa = PBXProject;
			attributes = {
				LastSwiftUpdateCheck = 1150;
				LastUpgradeCheck = 1150;
				ORGANIZATIONNAME = "황지은";
				TargetAttributes = {
					33D946F824AF184000B6AF18 = {
						CreatedOnToolsVersion = 11.5;
					};
				};
			};
			buildConfigurationList = 33D946F424AF184000B6AF18 /* Build configuration list for PBXProject "calendarPractice" */;
			compatibilityVersion = "Xcode 9.3";
			developmentRegion = en;
			hasScannedForEncodings = 0;
			knownRegions = (
				en,
				Base,
			);
			mainGroup = 33D946F024AF184000B6AF18;
			productRefGroup = 33D946FA24AF184000B6AF18 /* Products */;
			projectDirPath = "";
			projectRoot = "";
			targets = (
				33D946F824AF184000B6AF18 /* calendarPractice */,
			);
		};
/* End PBXProject section */

/* Begin PBXResourcesBuildPhase section */
		33D946F724AF184000B6AF18 /* Resources */ = {
			isa = PBXResourcesBuildPhase;
			buildActionMask = 2147483647;
			files = (
				33D9470C24AF184300B6AF18 /* LaunchScreen.storyboard in Resources */,
				33D9470924AF184300B6AF18 /* Assets.xcassets in Resources */,
				33D9470424AF184000B6AF18 /* Main.storyboard in Resources */,
			);
			runOnlyForDeploymentPostprocessing = 0;
		};
/* End PBXResourcesBuildPhase section */

/* Begin PBXShellScriptBuildPhase section */
		3F8CFB372C6B8E795488FE3B /* [CP] Embed Pods Frameworks */ = {
			isa = PBXShellScriptBuildPhase;
			buildActionMask = 2147483647;
			files = (
			);
			inputFileListPaths = (
				"${PODS_ROOT}/Target Support Files/Pods-calendarPractice/Pods-calendarPractice-frameworks-${CONFIGURATION}-input-files.xcfilelist",
			);
			name = "[CP] Embed Pods Frameworks";
			outputFileListPaths = (
				"${PODS_ROOT}/Target Support Files/Pods-calendarPractice/Pods-calendarPractice-frameworks-${CONFIGURATION}-output-files.xcfilelist",
			);
			runOnlyForDeploymentPostprocessing = 0;
			shellPath = /bin/sh;
			shellScript = "\"${PODS_ROOT}/Target Support Files/Pods-calendarPractice/Pods-calendarPractice-frameworks.sh\"\n";
			showEnvVarsInLog = 0;
		};
		A03023790FC5C8CC8E26AC68 /* [CP] Check Pods Manifest.lock */ = {
			isa = PBXShellScriptBuildPhase;
			buildActionMask = 2147483647;
			files = (
			);
			inputFileListPaths = (
			);
			inputPaths = (
				"${PODS_PODFILE_DIR_PATH}/Podfile.lock",
				"${PODS_ROOT}/Manifest.lock",
			);
			name = "[CP] Check Pods Manifest.lock";
			outputFileListPaths = (
			);
			outputPaths = (
				"$(DERIVED_FILE_DIR)/Pods-calendarPractice-checkManifestLockResult.txt",
			);
			runOnlyForDeploymentPostprocessing = 0;
			shellPath = /bin/sh;
			shellScript = "diff \"${PODS_PODFILE_DIR_PATH}/Podfile.lock\" \"${PODS_ROOT}/Manifest.lock\" > /dev/null\nif [ $? != 0 ] ; then\n    # print error to STDERR\n    echo \"error: The sandbox is not in sync with the Podfile.lock. Run 'pod install' or update your CocoaPods installation.\" >&2\n    exit 1\nfi\n# This output is used by Xcode 'outputs' to avoid re-running this script phase.\necho \"SUCCESS\" > \"${SCRIPT_OUTPUT_FILE_0}\"\n";
			showEnvVarsInLog = 0;
		};
/* End PBXShellScriptBuildPhase section */

/* Begin PBXSourcesBuildPhase section */
		33D946F524AF184000B6AF18 /* Sources */ = {
			isa = PBXSourcesBuildPhase;
			buildActionMask = 2147483647;
			files = (
				33D9470124AF184000B6AF18 /* ViewController.swift in Sources */,
				33D946FD24AF184000B6AF18 /* AppDelegate.swift in Sources */,
				33D9470724AF184000B6AF18 /* calendarPractice.xcdatamodeld in Sources */,
				33D946FF24AF184000B6AF18 /* SceneDelegate.swift in Sources */,
			);
			runOnlyForDeploymentPostprocessing = 0;
		};
/* End PBXSourcesBuildPhase section */

/* Begin PBXVariantGroup section */
		33D9470224AF184000B6AF18 /* Main.storyboard */ = {
			isa = PBXVariantGroup;
			children = (
				33D9470324AF184000B6AF18 /* Base */,
			);
			name = Main.storyboard;
			sourceTree = "<group>";
		};
		33D9470A24AF184300B6AF18 /* LaunchScreen.storyboard */ = {
			isa = PBXVariantGroup;
			children = (
				33D9470B24AF184300B6AF18 /* Base */,
			);
			name = LaunchScreen.storyboard;
			sourceTree = "<group>";
		};
/* End PBXVariantGroup section */

/* Begin XCBuildConfiguration section */
		33D9470E24AF184300B6AF18 /* Debug */ = {
			isa = XCBuildConfiguration;
			buildSettings = {
				ALWAYS_SEARCH_USER_PATHS = NO;
				CLANG_ANALYZER_NONNULL = YES;
				CLANG_ANALYZER_NUMBER_OBJECT_CONVERSION = YES_AGGRESSIVE;
				CLANG_CXX_LANGUAGE_STANDARD = "gnu++14";
				CLANG_CXX_LIBRARY = "libc++";
				CLANG_ENABLE_MODULES = YES;
				CLANG_ENABLE_OBJC_ARC = YES;
				CLANG_ENABLE_OBJC_WEAK = YES;
				CLANG_WARN_BLOCK_CAPTURE_AUTORELEASING = YES;
				CLANG_WARN_BOOL_CONVERSION = YES;
				CLANG_WARN_COMMA = YES;
				CLANG_WARN_CONSTANT_CONVERSION = YES;
				CLANG_WARN_DEPRECATED_OBJC_IMPLEMENTATIONS = YES;
				CLANG_WARN_DIRECT_OBJC_ISA_USAGE = YES_ERROR;
				CLANG_WARN_DOCUMENTATION_COMMENTS = YES;
				CLANG_WARN_EMPTY_BODY = YES;
				CLANG_WARN_ENUM_CONVERSION = YES;
				CLANG_WARN_INFINITE_RECURSION = YES;
				CLANG_WARN_INT_CONVERSION = YES;
				CLANG_WARN_NON_LITERAL_NULL_CONVERSION = YES;
				CLANG_WARN_OBJC_IMPLICIT_RETAIN_SELF = YES;
				CLANG_WARN_OBJC_LITERAL_CONVERSION = YES;
				CLANG_WARN_OBJC_ROOT_CLASS = YES_ERROR;
				CLANG_WARN_RANGE_LOOP_ANALYSIS = YES;
				CLANG_WARN_STRICT_PROTOTYPES = YES;
				CLANG_WARN_SUSPICIOUS_MOVE = YES;
				CLANG_WARN_UNGUARDED_AVAILABILITY = YES_AGGRESSIVE;
				CLANG_WARN_UNREACHABLE_CODE = YES;
				CLANG_WARN__DUPLICATE_METHOD_MATCH = YES;
				COPY_PHASE_STRIP = NO;
				DEBUG_INFORMATION_FORMAT = dwarf;
				ENABLE_STRICT_OBJC_MSGSEND = YES;
				ENABLE_TESTABILITY = YES;
				GCC_C_LANGUAGE_STANDARD = gnu11;
				GCC_DYNAMIC_NO_PIC = NO;
				GCC_NO_COMMON_BLOCKS = YES;
				GCC_OPTIMIZATION_LEVEL = 0;
				GCC_PREPROCESSOR_DEFINITIONS = (
					"DEBUG=1",
					"$(inherited)",
				);
				GCC_WARN_64_TO_32_BIT_CONVERSION = YES;
				GCC_WARN_ABOUT_RETURN_TYPE = YES_ERROR;
				GCC_WARN_UNDECLARED_SELECTOR = YES;
				GCC_WARN_UNINITIALIZED_AUTOS = YES_AGGRESSIVE;
				GCC_WARN_UNUSED_FUNCTION = YES;
				GCC_WARN_UNUSED_VARIABLE = YES;
				IPHONEOS_DEPLOYMENT_TARGET = 13.5;
				MTL_ENABLE_DEBUG_INFO = INCLUDE_SOURCE;
				MTL_FAST_MATH = YES;
				ONLY_ACTIVE_ARCH = YES;
				SDKROOT = iphoneos;
				SWIFT_ACTIVE_COMPILATION_CONDITIONS = DEBUG;
				SWIFT_OPTIMIZATION_LEVEL = "-Onone";
			};
			name = Debug;
		};
		33D9470F24AF184300B6AF18 /* Release */ = {
			isa = XCBuildConfiguration;
			buildSettings = {
				ALWAYS_SEARCH_USER_PATHS = NO;
				CLANG_ANALYZER_NONNULL = YES;
				CLANG_ANALYZER_NUMBER_OBJECT_CONVERSION = YES_AGGRESSIVE;
				CLANG_CXX_LANGUAGE_STANDARD = "gnu++14";
				CLANG_CXX_LIBRARY = "libc++";
				CLANG_ENABLE_MODULES = YES;
				CLANG_ENABLE_OBJC_ARC = YES;
				CLANG_ENABLE_OBJC_WEAK = YES;
				CLANG_WARN_BLOCK_CAPTURE_AUTORELEASING = YES;
				CLANG_WARN_BOOL_CONVERSION = YES;
				CLANG_WARN_COMMA = YES;
				CLANG_WARN_CONSTANT_CONVERSION = YES;
				CLANG_WARN_DEPRECATED_OBJC_IMPLEMENTATIONS = YES;
				CLANG_WARN_DIRECT_OBJC_ISA_USAGE = YES_ERROR;
				CLANG_WARN_DOCUMENTATION_COMMENTS = YES;
				CLANG_WARN_EMPTY_BODY = YES;
				CLANG_WARN_ENUM_CONVERSION = YES;
				CLANG_WARN_INFINITE_RECURSION = YES;
				CLANG_WARN_INT_CONVERSION = YES;
				CLANG_WARN_NON_LITERAL_NULL_CONVERSION = YES;
				CLANG_WARN_OBJC_IMPLICIT_RETAIN_SELF = YES;
				CLANG_WARN_OBJC_LITERAL_CONVERSION = YES;
				CLANG_WARN_OBJC_ROOT_CLASS = YES_ERROR;
				CLANG_WARN_RANGE_LOOP_ANALYSIS = YES;
				CLANG_WARN_STRICT_PROTOTYPES = YES;
				CLANG_WARN_SUSPICIOUS_MOVE = YES;
				CLANG_WARN_UNGUARDED_AVAILABILITY = YES_AGGRESSIVE;
				CLANG_WARN_UNREACHABLE_CODE = YES;
				CLANG_WARN__DUPLICATE_METHOD_MATCH = YES;
				COPY_PHASE_STRIP = NO;
				DEBUG_INFORMATION_FORMAT = "dwarf-with-dsym";
				ENABLE_NS_ASSERTIONS = NO;
				ENABLE_STRICT_OBJC_MSGSEND = YES;
				GCC_C_LANGUAGE_STANDARD = gnu11;
				GCC_NO_COMMON_BLOCKS = YES;
				GCC_WARN_64_TO_32_BIT_CONVERSION = YES;
				GCC_WARN_ABOUT_RETURN_TYPE = YES_ERROR;
				GCC_WARN_UNDECLARED_SELECTOR = YES;
				GCC_WARN_UNINITIALIZED_AUTOS = YES_AGGRESSIVE;
				GCC_WARN_UNUSED_FUNCTION = YES;
				GCC_WARN_UNUSED_VARIABLE = YES;
				IPHONEOS_DEPLOYMENT_TARGET = 13.5;
				MTL_ENABLE_DEBUG_INFO = NO;
				MTL_FAST_MATH = YES;
				SDKROOT = iphoneos;
				SWIFT_COMPILATION_MODE = wholemodule;
				SWIFT_OPTIMIZATION_LEVEL = "-O";
				VALIDATE_PRODUCT = YES;
			};
			name = Release;
		};
		33D9471124AF184300B6AF18 /* Debug */ = {
			isa = XCBuildConfiguration;
			baseConfigurationReference = 2E7B59ED812FC04D45790209 /* Pods-calendarPractice.debug.xcconfig */;
			buildSettings = {
				ASSETCATALOG_COMPILER_APPICON_NAME = AppIcon;
				CODE_SIGN_STYLE = Automatic;
				INFOPLIST_FILE = calendarPractice/Info.plist;
				LD_RUNPATH_SEARCH_PATHS = (
					"$(inherited)",
					"@executable_path/Frameworks",
				);
				PRODUCT_BUNDLE_IDENTIFIER = com.swu.hwangji.calendarPractice;
				PRODUCT_NAME = "$(TARGET_NAME)";
				SWIFT_VERSION = 5.0;
				TARGETED_DEVICE_FAMILY = "1,2";
			};
			name = Debug;
		};
		33D9471224AF184300B6AF18 /* Release */ = {
			isa = XCBuildConfiguration;
			baseConfigurationReference = FD3364AFEDBD6ADCF90D2443 /* Pods-calendarPractice.release.xcconfig */;
			buildSettings = {
				ASSETCATALOG_COMPILER_APPICON_NAME = AppIcon;
				CODE_SIGN_STYLE = Automatic;
				INFOPLIST_FILE = calendarPractice/Info.plist;
				LD_RUNPATH_SEARCH_PATHS = (
					"$(inherited)",
					"@executable_path/Frameworks",
				);
				PRODUCT_BUNDLE_IDENTIFIER = com.swu.hwangji.calendarPractice;
				PRODUCT_NAME = "$(TARGET_NAME)";
				SWIFT_VERSION = 5.0;
				TARGETED_DEVICE_FAMILY = "1,2";
			};
			name = Release;
		};
/* End XCBuildConfiguration section */

/* Begin XCConfigurationList section */
		33D946F424AF184000B6AF18 /* Build configuration list for PBXProject "calendarPractice" */ = {
			isa = XCConfigurationList;
			buildConfigurations = (
				33D9470E24AF184300B6AF18 /* Debug */,
				33D9470F24AF184300B6AF18 /* Release */,
			);
			defaultConfigurationIsVisible = 0;
			defaultConfigurationName = Release;
		};
		33D9471024AF184300B6AF18 /* Build configuration list for PBXNativeTarget "calendarPractice" */ = {
			isa = XCConfigurationList;
			buildConfigurations = (
				33D9471124AF184300B6AF18 /* Debug */,
				33D9471224AF184300B6AF18 /* Release */,
			);
			defaultConfigurationIsVisible = 0;
			defaultConfigurationName = Release;
		};
/* End XCConfigurationList section */

/* Begin XCVersionGroup section */
		33D9470524AF184000B6AF18 /* calendarPractice.xcdatamodeld */ = {
			isa = XCVersionGroup;
			children = (
				33D9470624AF184000B6AF18 /* calendarPractice.xcdatamodel */,
			);
			currentVersion = 33D9470624AF184000B6AF18 /* calendarPractice.xcdatamodel */;
			path = calendarPractice.xcdatamodeld;
			sourceTree = "<group>";
			versionGroupType = wrapper.xcdatamodel;
		};
/* End XCVersionGroup section */
	};
	rootObject = 33D946F124AF184000B6AF18 /* Project object */;
}
